
Microsoft Visual Studio Solution File, Format Version 12.00
# Visual Studio 14
VisualStudioVersion = 14.0.24720.0
MinimumVisualStudioVersion = 10.0.40219.1
Project("{2150E333-8FDC-42A3-9474-1A3956D46DE8}") = "Tests", "Tests", "{A87208F3-D73C-4AD4-9FF5-0314968EDD74}"
EndProject
Project("{2150E333-8FDC-42A3-9474-1A3956D46DE8}") = "Solution Items", "Solution Items", "{E3559EF9-ED4A-4169-9287-6F94CFBD09FA}"
	ProjectSection(SolutionItems) = preProject
		.gitignore = .gitignore
		appveyor.yml = appveyor.yml
		Release Note 3.0.txt = Release Note 3.0.txt
		Release Note 4.0.txt = Release Note 4.0.txt
		RepositoryInfo.xml = RepositoryInfo.xml
		packages\SimpleGitVersionTask.0.11.1\RepositoryInfo.xsd = packages\SimpleGitVersionTask.0.11.1\RepositoryInfo.xsd
		SharedAssemblyInfo.cs = SharedAssemblyInfo.cs
		SharedKey.snk = SharedKey.snk
		Solution.ck = Solution.ck
	EndProjectSection
EndProject
Project("{FAE04EC0-301F-11D3-BF4B-00C04F79EFBC}") = "CK.Core", "CK.Core\CK.Core.csproj", "{BC92AE5B-73A2-4B9E-91D2-9163960A17C4}"
EndProject
Project("{FAE04EC0-301F-11D3-BF4B-00C04F79EFBC}") = "CK.ActivityMonitor", "CK.ActivityMonitor\CK.ActivityMonitor.csproj", "{8AAAF17D-328A-4FE5-BAC9-5DD35963B2B8}"
EndProject
Project("{FAE04EC0-301F-11D3-BF4B-00C04F79EFBC}") = "CK.Monitoring", "CK.Monitoring\CK.Monitoring.csproj", "{8016AB6E-CA30-447D-BC47-B37D51B5A088}"
EndProject
Project("{FAE04EC0-301F-11D3-BF4B-00C04F79EFBC}") = "CK.Reflection", "CK.Reflection\CK.Reflection.csproj", "{C44E2A96-875B-458A-949E-C7A28EA9D12A}"
EndProject
Project("{FAE04EC0-301F-11D3-BF4B-00C04F79EFBC}") = "CK.Core.Tests", "Tests\CK.Core.Tests\CK.Core.Tests.csproj", "{182F3DC3-44F5-43FD-8CCC-5676A035F50A}"
EndProject
Project("{FAE04EC0-301F-11D3-BF4B-00C04F79EFBC}") = "CK.ActivityMonitor.Tests", "Tests\CK.ActivityMonitor.Tests\CK.ActivityMonitor.Tests.csproj", "{10523DAD-8B97-4372-8A56-7DC15D38D0AE}"
EndProject
Project("{FAE04EC0-301F-11D3-BF4B-00C04F79EFBC}") = "CK.Monitoring.Tests", "Tests\CK.Monitoring.Tests\CK.Monitoring.Tests.csproj", "{7F1AAC24-BCCA-4678-9BD2-196261E4F1F4}"
EndProject
Project("{FAE04EC0-301F-11D3-BF4B-00C04F79EFBC}") = "CK.Reflection.Tests", "Tests\CK.Reflection.Tests\CK.Reflection.Tests.csproj", "{6188E5B5-4898-44C8-87B8-63F60864ABFD}"
EndProject
Project("{FAE04EC0-301F-11D3-BF4B-00C04F79EFBC}") = "CK.Text", "CK.Text\CK.Text.csproj", "{0518E60C-0CB9-49DA-A634-109998526368}"
EndProject
Project("{FAE04EC0-301F-11D3-BF4B-00C04F79EFBC}") = "CK.Text.Tests", "Tests\CK.Text.Tests\CK.Text.Tests.csproj", "{E2C4C6F1-BF73-4473-8F73-A7FFC4381422}"
EndProject
Project("{FAE04EC0-301F-11D3-BF4B-00C04F79EFBC}") = "CK.ActivityMonitor.StandardSender", "CK.ActivityMonitor.StandardSender\CK.ActivityMonitor.StandardSender.csproj", "{95FE46F3-65E7-4159-9BA0-6EA2F06A0845}"
EndProject
Global
	GlobalSection(SolutionConfigurationPlatforms) = preSolution
		Debug|Any CPU = Debug|Any CPU
		Release|Any CPU = Release|Any CPU
	EndGlobalSection
	GlobalSection(ProjectConfigurationPlatforms) = postSolution
		{BC92AE5B-73A2-4B9E-91D2-9163960A17C4}.Debug|Any CPU.ActiveCfg = Debug|Any CPU
		{BC92AE5B-73A2-4B9E-91D2-9163960A17C4}.Debug|Any CPU.Build.0 = Debug|Any CPU
		{BC92AE5B-73A2-4B9E-91D2-9163960A17C4}.Release|Any CPU.ActiveCfg = Release|Any CPU
		{BC92AE5B-73A2-4B9E-91D2-9163960A17C4}.Release|Any CPU.Build.0 = Release|Any CPU
		{8AAAF17D-328A-4FE5-BAC9-5DD35963B2B8}.Debug|Any CPU.ActiveCfg = Debug|Any CPU
		{8AAAF17D-328A-4FE5-BAC9-5DD35963B2B8}.Debug|Any CPU.Build.0 = Debug|Any CPU
		{8AAAF17D-328A-4FE5-BAC9-5DD35963B2B8}.Release|Any CPU.ActiveCfg = Release|Any CPU
		{8AAAF17D-328A-4FE5-BAC9-5DD35963B2B8}.Release|Any CPU.Build.0 = Release|Any CPU
		{8016AB6E-CA30-447D-BC47-B37D51B5A088}.Debug|Any CPU.ActiveCfg = Debug|Any CPU
		{8016AB6E-CA30-447D-BC47-B37D51B5A088}.Debug|Any CPU.Build.0 = Debug|Any CPU
		{8016AB6E-CA30-447D-BC47-B37D51B5A088}.Release|Any CPU.ActiveCfg = Release|Any CPU
		{8016AB6E-CA30-447D-BC47-B37D51B5A088}.Release|Any CPU.Build.0 = Release|Any CPU
		{C44E2A96-875B-458A-949E-C7A28EA9D12A}.Debug|Any CPU.ActiveCfg = Debug|Any CPU
		{C44E2A96-875B-458A-949E-C7A28EA9D12A}.Debug|Any CPU.Build.0 = Debug|Any CPU
		{C44E2A96-875B-458A-949E-C7A28EA9D12A}.Release|Any CPU.ActiveCfg = Release|Any CPU
		{C44E2A96-875B-458A-949E-C7A28EA9D12A}.Release|Any CPU.Build.0 = Release|Any CPU
		{182F3DC3-44F5-43FD-8CCC-5676A035F50A}.Debug|Any CPU.ActiveCfg = Debug|Any CPU
		{182F3DC3-44F5-43FD-8CCC-5676A035F50A}.Debug|Any CPU.Build.0 = Debug|Any CPU
		{182F3DC3-44F5-43FD-8CCC-5676A035F50A}.Release|Any CPU.ActiveCfg = Release|Any CPU
		{182F3DC3-44F5-43FD-8CCC-5676A035F50A}.Release|Any CPU.Build.0 = Release|Any CPU
		{10523DAD-8B97-4372-8A56-7DC15D38D0AE}.Debug|Any CPU.ActiveCfg = Debug|Any CPU
		{10523DAD-8B97-4372-8A56-7DC15D38D0AE}.Debug|Any CPU.Build.0 = Debug|Any CPU
		{10523DAD-8B97-4372-8A56-7DC15D38D0AE}.Release|Any CPU.ActiveCfg = Release|Any CPU
		{10523DAD-8B97-4372-8A56-7DC15D38D0AE}.Release|Any CPU.Build.0 = Release|Any CPU
		{7F1AAC24-BCCA-4678-9BD2-196261E4F1F4}.Debug|Any CPU.ActiveCfg = Debug|Any CPU
		{7F1AAC24-BCCA-4678-9BD2-196261E4F1F4}.Debug|Any CPU.Build.0 = Debug|Any CPU
		{7F1AAC24-BCCA-4678-9BD2-196261E4F1F4}.Release|Any CPU.ActiveCfg = Release|Any CPU
		{7F1AAC24-BCCA-4678-9BD2-196261E4F1F4}.Release|Any CPU.Build.0 = Release|Any CPU
		{6188E5B5-4898-44C8-87B8-63F60864ABFD}.Debug|Any CPU.ActiveCfg = Debug|Any CPU
		{6188E5B5-4898-44C8-87B8-63F60864ABFD}.Debug|Any CPU.Build.0 = Debug|Any CPU
		{6188E5B5-4898-44C8-87B8-63F60864ABFD}.Release|Any CPU.ActiveCfg = Release|Any CPU
		{6188E5B5-4898-44C8-87B8-63F60864ABFD}.Release|Any CPU.Build.0 = Release|Any CPU
		{0518E60C-0CB9-49DA-A634-109998526368}.Debug|Any CPU.ActiveCfg = Debug|Any CPU
		{0518E60C-0CB9-49DA-A634-109998526368}.Debug|Any CPU.Build.0 = Debug|Any CPU
		{0518E60C-0CB9-49DA-A634-109998526368}.Release|Any CPU.ActiveCfg = Release|Any CPU
		{0518E60C-0CB9-49DA-A634-109998526368}.Release|Any CPU.Build.0 = Release|Any CPU
		{E2C4C6F1-BF73-4473-8F73-A7FFC4381422}.Debug|Any CPU.ActiveCfg = Debug|Any CPU
		{E2C4C6F1-BF73-4473-8F73-A7FFC4381422}.Debug|Any CPU.Build.0 = Debug|Any CPU
		{E2C4C6F1-BF73-4473-8F73-A7FFC4381422}.Release|Any CPU.ActiveCfg = Release|Any CPU
		{E2C4C6F1-BF73-4473-8F73-A7FFC4381422}.Release|Any CPU.Build.0 = Release|Any CPU
		{95FE46F3-65E7-4159-9BA0-6EA2F06A0845}.Debug|Any CPU.ActiveCfg = Debug|Any CPU
		{95FE46F3-65E7-4159-9BA0-6EA2F06A0845}.Debug|Any CPU.Build.0 = Debug|Any CPU
		{95FE46F3-65E7-4159-9BA0-6EA2F06A0845}.Release|Any CPU.ActiveCfg = Release|Any CPU
		{95FE46F3-65E7-4159-9BA0-6EA2F06A0845}.Release|Any CPU.Build.0 = Release|Any CPU
	EndGlobalSection
	GlobalSection(SolutionProperties) = preSolution
		HideSolutionNode = FALSE
	EndGlobalSection
	GlobalSection(NestedProjects) = preSolution
		{182F3DC3-44F5-43FD-8CCC-5676A035F50A} = {A87208F3-D73C-4AD4-9FF5-0314968EDD74}
		{10523DAD-8B97-4372-8A56-7DC15D38D0AE} = {A87208F3-D73C-4AD4-9FF5-0314968EDD74}
		{7F1AAC24-BCCA-4678-9BD2-196261E4F1F4} = {A87208F3-D73C-4AD4-9FF5-0314968EDD74}
		{6188E5B5-4898-44C8-87B8-63F60864ABFD} = {A87208F3-D73C-4AD4-9FF5-0314968EDD74}
		{E2C4C6F1-BF73-4473-8F73-A7FFC4381422} = {A87208F3-D73C-4AD4-9FF5-0314968EDD74}
	EndGlobalSection
EndGlobal
