
Microsoft Visual Studio Solution File, Format Version 11.00
# Visual Studio 2010
Project("{FAE04EC0-301F-11D3-BF4B-00C04F79EFBC}") = "CK.Core", "CK.Core\CK.Core.csproj", "{6DFBE436-2571-4029-B220-E101D2162A63}"
EndProject
Project("{FAE04EC0-301F-11D3-BF4B-00C04F79EFBC}") = "CK.Storage", "CK.Storage\CK.Storage.csproj", "{DB4586A0-0BB0-4902-870E-391B66539572}"
EndProject
Project("{FAE04EC0-301F-11D3-BF4B-00C04F79EFBC}") = "CK.Plugin.Config.Model", "CK.Plugin.Config.Model\CK.Plugin.Config.Model.csproj", "{96D1DD2E-9E76-40EA-A943-1E85B44AB862}"
EndProject
Project("{FAE04EC0-301F-11D3-BF4B-00C04F79EFBC}") = "CK.SharedDic", "CK.SharedDic\CK.SharedDic.csproj", "{0BEFACC1-7CF4-4634-BD78-AACA73B3224F}"
EndProject
Project("{FAE04EC0-301F-11D3-BF4B-00C04F79EFBC}") = "CK.Plugin.Model", "CK.Plugin.Model\CK.Plugin.Model.csproj", "{D6E4A9FE-F9B9-4FDC-A21A-E3E7109128C6}"
EndProject
Project("{FAE04EC0-301F-11D3-BF4B-00C04F79EFBC}") = "CK.Interop", "CK.Interop\CK.Interop.csproj", "{4807AA42-98B1-4F00-A1EF-EEFA24F9F463}"
EndProject
Project("{FAE04EC0-301F-11D3-BF4B-00C04F79EFBC}") = "CK.Reflection", "CK.Reflection\CK.Reflection.csproj", "{6C169A4A-969F-4952-9AD6-3D84BD0AD98B}"
EndProject
Project("{FAE04EC0-301F-11D3-BF4B-00C04F79EFBC}") = "CK.Plugin.Host", "CK.Plugin.Host\CK.Plugin.Host.csproj", "{C9FCBF26-371B-48C2-AA78-06292EE30B9D}"
EndProject
Project("{FAE04EC0-301F-11D3-BF4B-00C04F79EFBC}") = "CK.Plugin.Discoverer.Runner", "CK.Plugin.Discoverer.Runner\CK.Plugin.Discoverer.Runner.csproj", "{D6ACE31B-0A1B-4AC8-9C7E-CE1FFE6C1868}"
EndProject
Project("{FAE04EC0-301F-11D3-BF4B-00C04F79EFBC}") = "CK.Plugin.Discoverer", "CK.Plugin.Discoverer\CK.Plugin.Discoverer.csproj", "{7B9A41C4-0D83-4CDE-9A78-45847F8A0D4B}"
EndProject
Project("{2150E333-8FDC-42A3-9474-1A3956D46DE8}") = "Tests", "Tests", "{B2C87276-34AA-40A9-A0A4-038E2FE22924}"
	ProjectSection(SolutionItems) = preProject
		CKTests.nunit = CKTests.nunit
	EndProjectSection
EndProject
Project("{FAE04EC0-301F-11D3-BF4B-00C04F79EFBC}") = "CK.Plugin.Host.Tests", "Tests\CK.Plugin.Host.Tests\CK.Plugin.Host.Tests.csproj", "{5F2F4441-FB3F-4805-ADB0-A1613214ED2A}"
EndProject
Project("{FAE04EC0-301F-11D3-BF4B-00C04F79EFBC}") = "CK.Keyboard.Model", "CK.Keyboard.Model\CK.Keyboard.Model.csproj", "{B2E36713-7CDB-4304-B274-2AD75BC142C4}"
EndProject
Project("{FAE04EC0-301F-11D3-BF4B-00C04F79EFBC}") = "CK.Plugin.Runner", "CK.Plugin.Runner\CK.Plugin.Runner.csproj", "{9C5F6F2E-D921-4D98-BAA3-CBED45EC3A4C}"
EndProject
Project("{FAE04EC0-301F-11D3-BF4B-00C04F79EFBC}") = "CK.Plugin.Config", "CK.Plugin.Config\CK.Plugin.Config.csproj", "{CA150073-0318-4281-8324-03246F09A4DD}"
EndProject
Project("{FAE04EC0-301F-11D3-BF4B-00C04F79EFBC}") = "CK.Context", "CK.Context\CK.Context.csproj", "{C438577C-F468-4168-98A7-2CE52F2E976A}"
EndProject
Project("{FAE04EC0-301F-11D3-BF4B-00C04F79EFBC}") = "CK.Storage.Tests", "Tests\CK.Storage.Tests\CK.Storage.Tests.csproj", "{712E47A0-449C-4C8A-B891-9A6A64C1323D}"
EndProject
Project("{FAE04EC0-301F-11D3-BF4B-00C04F79EFBC}") = "CK.SharedDic.Tests", "Tests\CK.SharedDic.Tests\CK.SharedDic.Tests.csproj", "{A3E3B84E-59FD-410E-98A6-383F2D9BD418}"
EndProject
Project("{FAE04EC0-301F-11D3-BF4B-00C04F79EFBC}") = "CK.Plugin.Config.Tests", "Tests\CK.Plugin.Config.Tests\CK.Plugin.Config.Tests.csproj", "{5B852105-EDA2-4F96-8608-8F161DAF6FD7}"
EndProject
Project("{FAE04EC0-301F-11D3-BF4B-00C04F79EFBC}") = "CK.Discoverer.Tests", "Tests\CK.Discoverer.Tests\CK.Discoverer.Tests.csproj", "{A7ECEE18-2D66-4D50-8BFE-6F721F3D3D2F}"
EndProject
Project("{FAE04EC0-301F-11D3-BF4B-00C04F79EFBC}") = "CK.Core.Tests", "Tests\CK.Core.Tests\CK.Core.Tests.csproj", "{68BF384E-34EB-44F9-9502-C1BDEEA01E01}"
EndProject
Project("{2150E333-8FDC-42A3-9474-1A3956D46DE8}") = "Plugins", "Plugins", "{4D5787CA-1BF2-4FBF-9149-422E5BD3A103}"
EndProject
Project("{FAE04EC0-301F-11D3-BF4B-00C04F79EFBC}") = "VersionedPluginWithService", "Tests\Plugins\VersionedPluginWithService\VersionedPluginWithService.csproj", "{74D0E8B5-6B51-4910-A4B1-E90657161B8A}"
EndProject
Project("{FAE04EC0-301F-11D3-BF4B-00C04F79EFBC}") = "ServiceA", "Tests\Plugins\ServiceA\ServiceA.csproj", "{0834218A-9AA5-414A-8679-A7EF7E7B59AB}"
EndProject
Project("{FAE04EC0-301F-11D3-BF4B-00C04F79EFBC}") = "ServiceA.2", "Tests\Plugins\ServiceA.2\ServiceA.2.csproj", "{66CDA27E-18FA-49C6-8A9E-C89F96885C01}"
EndProject
Project("{FAE04EC0-301F-11D3-BF4B-00C04F79EFBC}") = "ServiceA.3", "Tests\Plugins\ServiceA.3\ServiceA.3.csproj", "{0EA389A8-7D61-4669-A8AD-BF6E575D4D5C}"
EndProject
Project("{FAE04EC0-301F-11D3-BF4B-00C04F79EFBC}") = "ServiceA.Old", "Tests\Plugins\ServiceA.Old\ServiceA.Old.csproj", "{BB12525D-79CE-4FFC-88BC-D4203ED841DF}"
EndProject
Project("{FAE04EC0-301F-11D3-BF4B-00C04F79EFBC}") = "ServiceB", "Tests\Plugins\ServiceB\ServiceB.csproj", "{CBE67D20-4839-4F38-80B5-84D7CC6FFAAA}"
EndProject
Project("{FAE04EC0-301F-11D3-BF4B-00C04F79EFBC}") = "ServiceC", "Tests\Plugins\ServiceC\ServiceC.csproj", "{2FFFC8C9-DB4C-4307-984F-CA9F3A14CCFF}"
EndProject
Project("{FAE04EC0-301F-11D3-BF4B-00C04F79EFBC}") = "ServiceD", "Tests\Plugins\ServiceD\ServiceD.csproj", "{D9350C17-4631-49A4-A799-01BC1975C352}"
EndProject
Project("{FAE04EC0-301F-11D3-BF4B-00C04F79EFBC}") = "ServiceC.Model", "Tests\Plugins\ServiceOnlyC\ServiceC.Model.csproj", "{5DA9DFAE-44F8-43BE-A22C-65A25D93EE59}"
EndProject
Project("{FAE04EC0-301F-11D3-BF4B-00C04F79EFBC}") = "EditorsOfPlugins", "Tests\Plugins\EditorsOfPlugins\EditorsOfPlugins.csproj", "{05EA2883-EEE6-4314-8938-74AA3643FA72}"
EndProject
Project("{FAE04EC0-301F-11D3-BF4B-00C04F79EFBC}") = "VersionnedPlugins", "Tests\Plugins\VersinnedPlugins\VersionnedPlugins.csproj", "{CDCC6E47-DC6F-4396-9F4B-B109E183F24F}"
EndProject
Project("{FAE04EC0-301F-11D3-BF4B-00C04F79EFBC}") = "CK.Plugin.Runner.Tests", "Tests\CK.Plugin.Runner.Tests\CK.Plugin.Runner.Tests.csproj", "{0A6686FD-1896-4189-A09A-0EB4140E755F}"
EndProject
Project("{FAE04EC0-301F-11D3-BF4B-00C04F79EFBC}") = "ServiceProducer.Model", "Tests\Plugins\ServiceProducer.Model\ServiceProducer.Model.csproj", "{B14E739C-5ADC-41BB-89EF-78C2983B51B0}"
EndProject
Project("{FAE04EC0-301F-11D3-BF4B-00C04F79EFBC}") = "ServiceProducer", "Tests\Plugins\ServiceProducer\ServiceProducer.csproj", "{C941C903-74BA-4D6F-9C67-B6D865BC3562}"
EndProject
Project("{FAE04EC0-301F-11D3-BF4B-00C04F79EFBC}") = "ServiceConsumer", "Tests\Plugins\ServiceConsumer\ServiceConsumer.csproj", "{73879BB2-F62F-431B-B06E-D97FE22F5BCF}"
EndProject
Project("{FAE04EC0-301F-11D3-BF4B-00C04F79EFBC}") = "CK.Keyboard", "CK.Keyboard\CK.Keyboard.csproj", "{B75173D0-E265-4060-84CB-C3B188FD693B}"
EndProject
Project("{2150E333-8FDC-42A3-9474-1A3956D46DE8}") = "Discoverer", "Discoverer", "{3DB54D2C-18D3-47F7-A560-D4814A1BE93A}"
EndProject
Project("{FAE04EC0-301F-11D3-BF4B-00C04F79EFBC}") = "ClassZ", "Tests\Plugins\Discoverer\ClassZ\ClassZ.csproj", "{1D55AA9E-E54D-4D4A-9C21-35DC8D904A91}"
EndProject
Project("{FAE04EC0-301F-11D3-BF4B-00C04F79EFBC}") = "ClassZbis", "Tests\Plugins\Discoverer\ClassZbis\ClassZbis.csproj", "{9CBC4B72-17D7-433E-8CD8-ABF668EDAC8B}"
EndProject
Project("{FAE04EC0-301F-11D3-BF4B-00C04F79EFBC}") = "ServiceZ", "Tests\Plugins\Discoverer\ServiceZ\ServiceZ.csproj", "{62569374-4E9D-4740-8984-6AF69AF8FDDD}"
EndProject
Project("{FAE04EC0-301F-11D3-BF4B-00C04F79EFBC}") = "ServiceZbis", "Tests\Plugins\Discoverer\ServiceZbis\ServiceZbis.csproj", "{5BE63DF3-5280-42B6-BF4B-F75542511700}"
EndProject
Project("{FAE04EC0-301F-11D3-BF4B-00C04F79EFBC}") = "CK.Keyboard.Tests", "Tests\CK.Keyboard.Tests\CK.Keyboard.Tests.csproj", "{3B796B6C-214B-4A03-A98D-01BB1B7D165B}"
EndProject
Project("{FAE04EC0-301F-11D3-BF4B-00C04F79EFBC}") = "CK.Context.Tests", "Tests\CK.Context.Tests\CK.Context.Tests.csproj", "{57015573-9E25-4A4C-8E6A-3BF6CA97FB33}"
EndProject
Project("{FAE04EC0-301F-11D3-BF4B-00C04F79EFBC}") = "SimplePlugin", "Tests\Plugins\SimplePlugin\SimplePlugin.csproj", "{3969CE86-DFE4-4FB1-A7A0-B735BF48054C}"
EndProject
Project("{FAE04EC0-301F-11D3-BF4B-00C04F79EFBC}") = "PluginNeedsServiceC", "Tests\Plugins\PluginNeedsServiceC\PluginNeedsServiceC.csproj", "{F8FEE654-98D1-4B61-A8EA-B77270545CC8}"
EndProject
Project("{FAE04EC0-301F-11D3-BF4B-00C04F79EFBC}") = "BuggyServiceC", "Tests\Plugins\BuggyServiceC\BuggyServiceC.csproj", "{8306DE8A-FD64-48F2-8A60-9FE5FFA6E4FB}"
EndProject
Project("{FAE04EC0-301F-11D3-BF4B-00C04F79EFBC}") = "Injection", "Tests\Plugins\Injection\Injection.csproj", "{2FE1A182-E26B-4E48-9E20-A34745301733}"
EndProject
Project("{FAE04EC0-301F-11D3-BF4B-00C04F79EFBC}") = "CK.Reflection.Tests", "Tests\CK.Reflection.Tests\CK.Reflection.Tests.csproj", "{A307D343-A7A6-4DDC-829D-E3F22BD380F8}"
EndProject
Project("{FAE04EC0-301F-11D3-BF4B-00C04F79EFBC}") = "ServiceRefExternalAssembly", "Tests\Plugins\ServiceRefExternalAssembly\ServiceRefExternalAssembly.csproj", "{C2E4C558-D9A1-4B83-90B3-229194843598}"
EndProject
Project("{FAE04EC0-301F-11D3-BF4B-00C04F79EFBC}") = "PluginA", "Tests\Plugins\PluginA\PluginA.csproj", "{BB6500C2-61B0-4EEA-B3CD-3BEE6784205C}"
EndProject
Project("{FAE04EC0-301F-11D3-BF4B-00C04F79EFBC}") = "ServiceC.2", "Tests\Plugins\ServiceC.2\ServiceC.2.csproj", "{E387D25D-7E29-464F-9172-3118A230C3A3}"
EndProject
Project("{FAE04EC0-301F-11D3-BF4B-00C04F79EFBC}") = "CK.Storage.Tests.ExternalDll", "Tests\CK.Storage.Tests\ExternalDll\CK.Storage.Tests.ExternalDll.csproj", "{3AA52F84-605A-44B6-AF0E-004E6A3A7B45}"
EndProject
Project("{FAE04EC0-301F-11D3-BF4B-00C04F79EFBC}") = "BadExternalServiceRef", "Tests\Plugins\BadExternalServiceRef\BadExternalServiceRef.csproj", "{754F2C1C-77AE-4587-8737-5005AC0D40B6}"
EndProject
Global
	GlobalSection(SolutionConfigurationPlatforms) = preSolution
		Debug|Any CPU = Debug|Any CPU
		Debug|Mixed Platforms = Debug|Mixed Platforms
		Debug|x86 = Debug|x86
		Release|Any CPU = Release|Any CPU
		Release|Mixed Platforms = Release|Mixed Platforms
		Release|x86 = Release|x86
	EndGlobalSection
	GlobalSection(ProjectConfigurationPlatforms) = postSolution
		{6DFBE436-2571-4029-B220-E101D2162A63}.Debug|Any CPU.ActiveCfg = Debug|Any CPU
		{6DFBE436-2571-4029-B220-E101D2162A63}.Debug|Any CPU.Build.0 = Debug|Any CPU
		{6DFBE436-2571-4029-B220-E101D2162A63}.Debug|Mixed Platforms.ActiveCfg = Debug|Any CPU
		{6DFBE436-2571-4029-B220-E101D2162A63}.Debug|Mixed Platforms.Build.0 = Debug|Any CPU
		{6DFBE436-2571-4029-B220-E101D2162A63}.Debug|x86.ActiveCfg = Debug|Any CPU
		{6DFBE436-2571-4029-B220-E101D2162A63}.Release|Any CPU.ActiveCfg = Release|Any CPU
		{6DFBE436-2571-4029-B220-E101D2162A63}.Release|Any CPU.Build.0 = Release|Any CPU
		{6DFBE436-2571-4029-B220-E101D2162A63}.Release|Mixed Platforms.ActiveCfg = Release|Any CPU
		{6DFBE436-2571-4029-B220-E101D2162A63}.Release|Mixed Platforms.Build.0 = Release|Any CPU
		{6DFBE436-2571-4029-B220-E101D2162A63}.Release|x86.ActiveCfg = Release|Any CPU
		{DB4586A0-0BB0-4902-870E-391B66539572}.Debug|Any CPU.ActiveCfg = Debug|Any CPU
		{DB4586A0-0BB0-4902-870E-391B66539572}.Debug|Any CPU.Build.0 = Debug|Any CPU
		{DB4586A0-0BB0-4902-870E-391B66539572}.Debug|Mixed Platforms.ActiveCfg = Debug|Any CPU
		{DB4586A0-0BB0-4902-870E-391B66539572}.Debug|Mixed Platforms.Build.0 = Debug|Any CPU
		{DB4586A0-0BB0-4902-870E-391B66539572}.Debug|x86.ActiveCfg = Debug|Any CPU
		{DB4586A0-0BB0-4902-870E-391B66539572}.Release|Any CPU.ActiveCfg = Release|Any CPU
		{DB4586A0-0BB0-4902-870E-391B66539572}.Release|Any CPU.Build.0 = Release|Any CPU
		{DB4586A0-0BB0-4902-870E-391B66539572}.Release|Mixed Platforms.ActiveCfg = Release|Any CPU
		{DB4586A0-0BB0-4902-870E-391B66539572}.Release|Mixed Platforms.Build.0 = Release|Any CPU
		{DB4586A0-0BB0-4902-870E-391B66539572}.Release|x86.ActiveCfg = Release|Any CPU
		{96D1DD2E-9E76-40EA-A943-1E85B44AB862}.Debug|Any CPU.ActiveCfg = Debug|Any CPU
		{96D1DD2E-9E76-40EA-A943-1E85B44AB862}.Debug|Any CPU.Build.0 = Debug|Any CPU
		{96D1DD2E-9E76-40EA-A943-1E85B44AB862}.Debug|Mixed Platforms.ActiveCfg = Debug|Any CPU
		{96D1DD2E-9E76-40EA-A943-1E85B44AB862}.Debug|Mixed Platforms.Build.0 = Debug|Any CPU
		{96D1DD2E-9E76-40EA-A943-1E85B44AB862}.Debug|x86.ActiveCfg = Debug|Any CPU
		{96D1DD2E-9E76-40EA-A943-1E85B44AB862}.Release|Any CPU.ActiveCfg = Release|Any CPU
		{96D1DD2E-9E76-40EA-A943-1E85B44AB862}.Release|Any CPU.Build.0 = Release|Any CPU
		{96D1DD2E-9E76-40EA-A943-1E85B44AB862}.Release|Mixed Platforms.ActiveCfg = Release|Any CPU
		{96D1DD2E-9E76-40EA-A943-1E85B44AB862}.Release|Mixed Platforms.Build.0 = Release|Any CPU
		{96D1DD2E-9E76-40EA-A943-1E85B44AB862}.Release|x86.ActiveCfg = Release|Any CPU
		{0BEFACC1-7CF4-4634-BD78-AACA73B3224F}.Debug|Any CPU.ActiveCfg = Debug|Any CPU
		{0BEFACC1-7CF4-4634-BD78-AACA73B3224F}.Debug|Any CPU.Build.0 = Debug|Any CPU
		{0BEFACC1-7CF4-4634-BD78-AACA73B3224F}.Debug|Mixed Platforms.ActiveCfg = Debug|Any CPU
		{0BEFACC1-7CF4-4634-BD78-AACA73B3224F}.Debug|Mixed Platforms.Build.0 = Debug|Any CPU
		{0BEFACC1-7CF4-4634-BD78-AACA73B3224F}.Debug|x86.ActiveCfg = Debug|Any CPU
		{0BEFACC1-7CF4-4634-BD78-AACA73B3224F}.Release|Any CPU.ActiveCfg = Release|Any CPU
		{0BEFACC1-7CF4-4634-BD78-AACA73B3224F}.Release|Any CPU.Build.0 = Release|Any CPU
		{0BEFACC1-7CF4-4634-BD78-AACA73B3224F}.Release|Mixed Platforms.ActiveCfg = Release|Any CPU
		{0BEFACC1-7CF4-4634-BD78-AACA73B3224F}.Release|Mixed Platforms.Build.0 = Release|Any CPU
		{0BEFACC1-7CF4-4634-BD78-AACA73B3224F}.Release|x86.ActiveCfg = Release|Any CPU
		{D6E4A9FE-F9B9-4FDC-A21A-E3E7109128C6}.Debug|Any CPU.ActiveCfg = Debug|Any CPU
		{D6E4A9FE-F9B9-4FDC-A21A-E3E7109128C6}.Debug|Any CPU.Build.0 = Debug|Any CPU
		{D6E4A9FE-F9B9-4FDC-A21A-E3E7109128C6}.Debug|Mixed Platforms.ActiveCfg = Debug|Any CPU
		{D6E4A9FE-F9B9-4FDC-A21A-E3E7109128C6}.Debug|Mixed Platforms.Build.0 = Debug|Any CPU
		{D6E4A9FE-F9B9-4FDC-A21A-E3E7109128C6}.Debug|x86.ActiveCfg = Debug|Any CPU
		{D6E4A9FE-F9B9-4FDC-A21A-E3E7109128C6}.Release|Any CPU.ActiveCfg = Release|Any CPU
		{D6E4A9FE-F9B9-4FDC-A21A-E3E7109128C6}.Release|Any CPU.Build.0 = Release|Any CPU
		{D6E4A9FE-F9B9-4FDC-A21A-E3E7109128C6}.Release|Mixed Platforms.ActiveCfg = Release|Any CPU
		{D6E4A9FE-F9B9-4FDC-A21A-E3E7109128C6}.Release|Mixed Platforms.Build.0 = Release|Any CPU
		{D6E4A9FE-F9B9-4FDC-A21A-E3E7109128C6}.Release|x86.ActiveCfg = Release|Any CPU
		{4807AA42-98B1-4F00-A1EF-EEFA24F9F463}.Debug|Any CPU.ActiveCfg = Debug|Any CPU
		{4807AA42-98B1-4F00-A1EF-EEFA24F9F463}.Debug|Any CPU.Build.0 = Debug|Any CPU
		{4807AA42-98B1-4F00-A1EF-EEFA24F9F463}.Debug|Mixed Platforms.ActiveCfg = Debug|Any CPU
		{4807AA42-98B1-4F00-A1EF-EEFA24F9F463}.Debug|Mixed Platforms.Build.0 = Debug|Any CPU
		{4807AA42-98B1-4F00-A1EF-EEFA24F9F463}.Debug|x86.ActiveCfg = Debug|Any CPU
		{4807AA42-98B1-4F00-A1EF-EEFA24F9F463}.Release|Any CPU.ActiveCfg = Release|Any CPU
		{4807AA42-98B1-4F00-A1EF-EEFA24F9F463}.Release|Any CPU.Build.0 = Release|Any CPU
		{4807AA42-98B1-4F00-A1EF-EEFA24F9F463}.Release|Mixed Platforms.ActiveCfg = Release|Any CPU
		{4807AA42-98B1-4F00-A1EF-EEFA24F9F463}.Release|Mixed Platforms.Build.0 = Release|Any CPU
		{4807AA42-98B1-4F00-A1EF-EEFA24F9F463}.Release|x86.ActiveCfg = Release|Any CPU
		{6C169A4A-969F-4952-9AD6-3D84BD0AD98B}.Debug|Any CPU.ActiveCfg = Debug|Any CPU
		{6C169A4A-969F-4952-9AD6-3D84BD0AD98B}.Debug|Any CPU.Build.0 = Debug|Any CPU
		{6C169A4A-969F-4952-9AD6-3D84BD0AD98B}.Debug|Mixed Platforms.ActiveCfg = Debug|Any CPU
		{6C169A4A-969F-4952-9AD6-3D84BD0AD98B}.Debug|Mixed Platforms.Build.0 = Debug|Any CPU
		{6C169A4A-969F-4952-9AD6-3D84BD0AD98B}.Debug|x86.ActiveCfg = Debug|Any CPU
		{6C169A4A-969F-4952-9AD6-3D84BD0AD98B}.Release|Any CPU.ActiveCfg = Release|Any CPU
		{6C169A4A-969F-4952-9AD6-3D84BD0AD98B}.Release|Any CPU.Build.0 = Release|Any CPU
		{6C169A4A-969F-4952-9AD6-3D84BD0AD98B}.Release|Mixed Platforms.ActiveCfg = Release|Any CPU
		{6C169A4A-969F-4952-9AD6-3D84BD0AD98B}.Release|Mixed Platforms.Build.0 = Release|Any CPU
		{6C169A4A-969F-4952-9AD6-3D84BD0AD98B}.Release|x86.ActiveCfg = Release|Any CPU
		{C9FCBF26-371B-48C2-AA78-06292EE30B9D}.Debug|Any CPU.ActiveCfg = Debug|Any CPU
		{C9FCBF26-371B-48C2-AA78-06292EE30B9D}.Debug|Any CPU.Build.0 = Debug|Any CPU
		{C9FCBF26-371B-48C2-AA78-06292EE30B9D}.Debug|Mixed Platforms.ActiveCfg = Debug|Any CPU
		{C9FCBF26-371B-48C2-AA78-06292EE30B9D}.Debug|Mixed Platforms.Build.0 = Debug|Any CPU
		{C9FCBF26-371B-48C2-AA78-06292EE30B9D}.Debug|x86.ActiveCfg = Debug|Any CPU
		{C9FCBF26-371B-48C2-AA78-06292EE30B9D}.Release|Any CPU.ActiveCfg = Release|Any CPU
		{C9FCBF26-371B-48C2-AA78-06292EE30B9D}.Release|Any CPU.Build.0 = Release|Any CPU
		{C9FCBF26-371B-48C2-AA78-06292EE30B9D}.Release|Mixed Platforms.ActiveCfg = Release|Any CPU
		{C9FCBF26-371B-48C2-AA78-06292EE30B9D}.Release|Mixed Platforms.Build.0 = Release|Any CPU
		{C9FCBF26-371B-48C2-AA78-06292EE30B9D}.Release|x86.ActiveCfg = Release|Any CPU
		{D6ACE31B-0A1B-4AC8-9C7E-CE1FFE6C1868}.Debug|Any CPU.ActiveCfg = Debug|Any CPU
		{D6ACE31B-0A1B-4AC8-9C7E-CE1FFE6C1868}.Debug|Any CPU.Build.0 = Debug|Any CPU
		{D6ACE31B-0A1B-4AC8-9C7E-CE1FFE6C1868}.Debug|Mixed Platforms.ActiveCfg = Debug|Any CPU
		{D6ACE31B-0A1B-4AC8-9C7E-CE1FFE6C1868}.Debug|Mixed Platforms.Build.0 = Debug|Any CPU
		{D6ACE31B-0A1B-4AC8-9C7E-CE1FFE6C1868}.Debug|x86.ActiveCfg = Debug|Any CPU
		{D6ACE31B-0A1B-4AC8-9C7E-CE1FFE6C1868}.Release|Any CPU.ActiveCfg = Release|Any CPU
		{D6ACE31B-0A1B-4AC8-9C7E-CE1FFE6C1868}.Release|Any CPU.Build.0 = Release|Any CPU
		{D6ACE31B-0A1B-4AC8-9C7E-CE1FFE6C1868}.Release|Mixed Platforms.ActiveCfg = Release|Any CPU
		{D6ACE31B-0A1B-4AC8-9C7E-CE1FFE6C1868}.Release|Mixed Platforms.Build.0 = Release|Any CPU
		{D6ACE31B-0A1B-4AC8-9C7E-CE1FFE6C1868}.Release|x86.ActiveCfg = Release|Any CPU
		{7B9A41C4-0D83-4CDE-9A78-45847F8A0D4B}.Debug|Any CPU.ActiveCfg = Debug|Any CPU
		{7B9A41C4-0D83-4CDE-9A78-45847F8A0D4B}.Debug|Any CPU.Build.0 = Debug|Any CPU
		{7B9A41C4-0D83-4CDE-9A78-45847F8A0D4B}.Debug|Mixed Platforms.ActiveCfg = Debug|Any CPU
		{7B9A41C4-0D83-4CDE-9A78-45847F8A0D4B}.Debug|Mixed Platforms.Build.0 = Debug|Any CPU
		{7B9A41C4-0D83-4CDE-9A78-45847F8A0D4B}.Debug|x86.ActiveCfg = Debug|Any CPU
		{7B9A41C4-0D83-4CDE-9A78-45847F8A0D4B}.Release|Any CPU.ActiveCfg = Release|Any CPU
		{7B9A41C4-0D83-4CDE-9A78-45847F8A0D4B}.Release|Any CPU.Build.0 = Release|Any CPU
		{7B9A41C4-0D83-4CDE-9A78-45847F8A0D4B}.Release|Mixed Platforms.ActiveCfg = Release|Any CPU
		{7B9A41C4-0D83-4CDE-9A78-45847F8A0D4B}.Release|Mixed Platforms.Build.0 = Release|Any CPU
		{7B9A41C4-0D83-4CDE-9A78-45847F8A0D4B}.Release|x86.ActiveCfg = Release|Any CPU
		{5F2F4441-FB3F-4805-ADB0-A1613214ED2A}.Debug|Any CPU.ActiveCfg = Debug|Any CPU
		{5F2F4441-FB3F-4805-ADB0-A1613214ED2A}.Debug|Any CPU.Build.0 = Debug|Any CPU
		{5F2F4441-FB3F-4805-ADB0-A1613214ED2A}.Debug|Mixed Platforms.ActiveCfg = Debug|Any CPU
		{5F2F4441-FB3F-4805-ADB0-A1613214ED2A}.Debug|Mixed Platforms.Build.0 = Debug|Any CPU
		{5F2F4441-FB3F-4805-ADB0-A1613214ED2A}.Debug|x86.ActiveCfg = Debug|Any CPU
		{5F2F4441-FB3F-4805-ADB0-A1613214ED2A}.Release|Any CPU.ActiveCfg = Release|Any CPU
		{5F2F4441-FB3F-4805-ADB0-A1613214ED2A}.Release|Any CPU.Build.0 = Release|Any CPU
		{5F2F4441-FB3F-4805-ADB0-A1613214ED2A}.Release|Mixed Platforms.ActiveCfg = Release|Any CPU
		{5F2F4441-FB3F-4805-ADB0-A1613214ED2A}.Release|Mixed Platforms.Build.0 = Release|Any CPU
		{5F2F4441-FB3F-4805-ADB0-A1613214ED2A}.Release|x86.ActiveCfg = Release|Any CPU
		{B2E36713-7CDB-4304-B274-2AD75BC142C4}.Debug|Any CPU.ActiveCfg = Debug|Any CPU
		{B2E36713-7CDB-4304-B274-2AD75BC142C4}.Debug|Any CPU.Build.0 = Debug|Any CPU
		{B2E36713-7CDB-4304-B274-2AD75BC142C4}.Debug|Mixed Platforms.ActiveCfg = Debug|Any CPU
		{B2E36713-7CDB-4304-B274-2AD75BC142C4}.Debug|Mixed Platforms.Build.0 = Debug|Any CPU
		{B2E36713-7CDB-4304-B274-2AD75BC142C4}.Debug|x86.ActiveCfg = Debug|Any CPU
		{B2E36713-7CDB-4304-B274-2AD75BC142C4}.Release|Any CPU.ActiveCfg = Release|Any CPU
		{B2E36713-7CDB-4304-B274-2AD75BC142C4}.Release|Any CPU.Build.0 = Release|Any CPU
		{B2E36713-7CDB-4304-B274-2AD75BC142C4}.Release|Mixed Platforms.ActiveCfg = Release|Any CPU
		{B2E36713-7CDB-4304-B274-2AD75BC142C4}.Release|Mixed Platforms.Build.0 = Release|Any CPU
		{B2E36713-7CDB-4304-B274-2AD75BC142C4}.Release|x86.ActiveCfg = Release|Any CPU
		{9C5F6F2E-D921-4D98-BAA3-CBED45EC3A4C}.Debug|Any CPU.ActiveCfg = Debug|Any CPU
		{9C5F6F2E-D921-4D98-BAA3-CBED45EC3A4C}.Debug|Any CPU.Build.0 = Debug|Any CPU
		{9C5F6F2E-D921-4D98-BAA3-CBED45EC3A4C}.Debug|Mixed Platforms.ActiveCfg = Debug|Any CPU
		{9C5F6F2E-D921-4D98-BAA3-CBED45EC3A4C}.Debug|Mixed Platforms.Build.0 = Debug|Any CPU
		{9C5F6F2E-D921-4D98-BAA3-CBED45EC3A4C}.Debug|x86.ActiveCfg = Debug|Any CPU
		{9C5F6F2E-D921-4D98-BAA3-CBED45EC3A4C}.Release|Any CPU.ActiveCfg = Release|Any CPU
		{9C5F6F2E-D921-4D98-BAA3-CBED45EC3A4C}.Release|Any CPU.Build.0 = Release|Any CPU
		{9C5F6F2E-D921-4D98-BAA3-CBED45EC3A4C}.Release|Mixed Platforms.ActiveCfg = Release|Any CPU
		{9C5F6F2E-D921-4D98-BAA3-CBED45EC3A4C}.Release|Mixed Platforms.Build.0 = Release|Any CPU
		{9C5F6F2E-D921-4D98-BAA3-CBED45EC3A4C}.Release|x86.ActiveCfg = Release|Any CPU
		{CA150073-0318-4281-8324-03246F09A4DD}.Debug|Any CPU.ActiveCfg = Debug|Any CPU
		{CA150073-0318-4281-8324-03246F09A4DD}.Debug|Any CPU.Build.0 = Debug|Any CPU
		{CA150073-0318-4281-8324-03246F09A4DD}.Debug|Mixed Platforms.ActiveCfg = Debug|Any CPU
		{CA150073-0318-4281-8324-03246F09A4DD}.Debug|Mixed Platforms.Build.0 = Debug|Any CPU
		{CA150073-0318-4281-8324-03246F09A4DD}.Debug|x86.ActiveCfg = Debug|Any CPU
		{CA150073-0318-4281-8324-03246F09A4DD}.Release|Any CPU.ActiveCfg = Release|Any CPU
		{CA150073-0318-4281-8324-03246F09A4DD}.Release|Any CPU.Build.0 = Release|Any CPU
		{CA150073-0318-4281-8324-03246F09A4DD}.Release|Mixed Platforms.ActiveCfg = Release|Any CPU
		{CA150073-0318-4281-8324-03246F09A4DD}.Release|Mixed Platforms.Build.0 = Release|Any CPU
		{CA150073-0318-4281-8324-03246F09A4DD}.Release|x86.ActiveCfg = Release|Any CPU
		{C438577C-F468-4168-98A7-2CE52F2E976A}.Debug|Any CPU.ActiveCfg = Debug|Any CPU
		{C438577C-F468-4168-98A7-2CE52F2E976A}.Debug|Any CPU.Build.0 = Debug|Any CPU
		{C438577C-F468-4168-98A7-2CE52F2E976A}.Debug|Mixed Platforms.ActiveCfg = Debug|Any CPU
		{C438577C-F468-4168-98A7-2CE52F2E976A}.Debug|Mixed Platforms.Build.0 = Debug|Any CPU
		{C438577C-F468-4168-98A7-2CE52F2E976A}.Debug|x86.ActiveCfg = Debug|Any CPU
		{C438577C-F468-4168-98A7-2CE52F2E976A}.Release|Any CPU.ActiveCfg = Release|Any CPU
		{C438577C-F468-4168-98A7-2CE52F2E976A}.Release|Any CPU.Build.0 = Release|Any CPU
		{C438577C-F468-4168-98A7-2CE52F2E976A}.Release|Mixed Platforms.ActiveCfg = Release|Any CPU
		{C438577C-F468-4168-98A7-2CE52F2E976A}.Release|Mixed Platforms.Build.0 = Release|Any CPU
		{C438577C-F468-4168-98A7-2CE52F2E976A}.Release|x86.ActiveCfg = Release|Any CPU
		{712E47A0-449C-4C8A-B891-9A6A64C1323D}.Debug|Any CPU.ActiveCfg = Debug|Any CPU
		{712E47A0-449C-4C8A-B891-9A6A64C1323D}.Debug|Any CPU.Build.0 = Debug|Any CPU
		{712E47A0-449C-4C8A-B891-9A6A64C1323D}.Debug|Mixed Platforms.ActiveCfg = Debug|Any CPU
		{712E47A0-449C-4C8A-B891-9A6A64C1323D}.Debug|Mixed Platforms.Build.0 = Debug|Any CPU
		{712E47A0-449C-4C8A-B891-9A6A64C1323D}.Debug|x86.ActiveCfg = Debug|Any CPU
		{712E47A0-449C-4C8A-B891-9A6A64C1323D}.Release|Any CPU.ActiveCfg = Release|Any CPU
		{712E47A0-449C-4C8A-B891-9A6A64C1323D}.Release|Any CPU.Build.0 = Release|Any CPU
		{712E47A0-449C-4C8A-B891-9A6A64C1323D}.Release|Mixed Platforms.ActiveCfg = Release|Any CPU
		{712E47A0-449C-4C8A-B891-9A6A64C1323D}.Release|Mixed Platforms.Build.0 = Release|Any CPU
		{712E47A0-449C-4C8A-B891-9A6A64C1323D}.Release|x86.ActiveCfg = Release|Any CPU
		{A3E3B84E-59FD-410E-98A6-383F2D9BD418}.Debug|Any CPU.ActiveCfg = Debug|Any CPU
		{A3E3B84E-59FD-410E-98A6-383F2D9BD418}.Debug|Any CPU.Build.0 = Debug|Any CPU
		{A3E3B84E-59FD-410E-98A6-383F2D9BD418}.Debug|Mixed Platforms.ActiveCfg = Debug|Any CPU
		{A3E3B84E-59FD-410E-98A6-383F2D9BD418}.Debug|Mixed Platforms.Build.0 = Debug|Any CPU
		{A3E3B84E-59FD-410E-98A6-383F2D9BD418}.Debug|x86.ActiveCfg = Debug|Any CPU
		{A3E3B84E-59FD-410E-98A6-383F2D9BD418}.Release|Any CPU.ActiveCfg = Release|Any CPU
		{A3E3B84E-59FD-410E-98A6-383F2D9BD418}.Release|Any CPU.Build.0 = Release|Any CPU
		{A3E3B84E-59FD-410E-98A6-383F2D9BD418}.Release|Mixed Platforms.ActiveCfg = Release|Any CPU
		{A3E3B84E-59FD-410E-98A6-383F2D9BD418}.Release|Mixed Platforms.Build.0 = Release|Any CPU
		{A3E3B84E-59FD-410E-98A6-383F2D9BD418}.Release|x86.ActiveCfg = Release|Any CPU
		{5B852105-EDA2-4F96-8608-8F161DAF6FD7}.Debug|Any CPU.ActiveCfg = Debug|Any CPU
		{5B852105-EDA2-4F96-8608-8F161DAF6FD7}.Debug|Any CPU.Build.0 = Debug|Any CPU
		{5B852105-EDA2-4F96-8608-8F161DAF6FD7}.Debug|Mixed Platforms.ActiveCfg = Debug|Any CPU
		{5B852105-EDA2-4F96-8608-8F161DAF6FD7}.Debug|Mixed Platforms.Build.0 = Debug|Any CPU
		{5B852105-EDA2-4F96-8608-8F161DAF6FD7}.Debug|x86.ActiveCfg = Debug|Any CPU
		{5B852105-EDA2-4F96-8608-8F161DAF6FD7}.Release|Any CPU.ActiveCfg = Release|Any CPU
		{5B852105-EDA2-4F96-8608-8F161DAF6FD7}.Release|Any CPU.Build.0 = Release|Any CPU
		{5B852105-EDA2-4F96-8608-8F161DAF6FD7}.Release|Mixed Platforms.ActiveCfg = Release|Any CPU
		{5B852105-EDA2-4F96-8608-8F161DAF6FD7}.Release|Mixed Platforms.Build.0 = Release|Any CPU
		{5B852105-EDA2-4F96-8608-8F161DAF6FD7}.Release|x86.ActiveCfg = Release|Any CPU
		{A7ECEE18-2D66-4D50-8BFE-6F721F3D3D2F}.Debug|Any CPU.ActiveCfg = Debug|Any CPU
		{A7ECEE18-2D66-4D50-8BFE-6F721F3D3D2F}.Debug|Any CPU.Build.0 = Debug|Any CPU
		{A7ECEE18-2D66-4D50-8BFE-6F721F3D3D2F}.Debug|Mixed Platforms.ActiveCfg = Debug|Any CPU
		{A7ECEE18-2D66-4D50-8BFE-6F721F3D3D2F}.Debug|Mixed Platforms.Build.0 = Debug|Any CPU
		{A7ECEE18-2D66-4D50-8BFE-6F721F3D3D2F}.Debug|x86.ActiveCfg = Debug|Any CPU
		{A7ECEE18-2D66-4D50-8BFE-6F721F3D3D2F}.Release|Any CPU.ActiveCfg = Release|Any CPU
		{A7ECEE18-2D66-4D50-8BFE-6F721F3D3D2F}.Release|Any CPU.Build.0 = Release|Any CPU
		{A7ECEE18-2D66-4D50-8BFE-6F721F3D3D2F}.Release|Mixed Platforms.ActiveCfg = Release|Any CPU
		{A7ECEE18-2D66-4D50-8BFE-6F721F3D3D2F}.Release|Mixed Platforms.Build.0 = Release|Any CPU
		{A7ECEE18-2D66-4D50-8BFE-6F721F3D3D2F}.Release|x86.ActiveCfg = Release|Any CPU
		{68BF384E-34EB-44F9-9502-C1BDEEA01E01}.Debug|Any CPU.ActiveCfg = Debug|Any CPU
		{68BF384E-34EB-44F9-9502-C1BDEEA01E01}.Debug|Any CPU.Build.0 = Debug|Any CPU
		{68BF384E-34EB-44F9-9502-C1BDEEA01E01}.Debug|Mixed Platforms.ActiveCfg = Debug|Any CPU
		{68BF384E-34EB-44F9-9502-C1BDEEA01E01}.Debug|Mixed Platforms.Build.0 = Debug|Any CPU
		{68BF384E-34EB-44F9-9502-C1BDEEA01E01}.Debug|x86.ActiveCfg = Debug|Any CPU
		{68BF384E-34EB-44F9-9502-C1BDEEA01E01}.Release|Any CPU.ActiveCfg = Release|Any CPU
		{68BF384E-34EB-44F9-9502-C1BDEEA01E01}.Release|Any CPU.Build.0 = Release|Any CPU
		{68BF384E-34EB-44F9-9502-C1BDEEA01E01}.Release|Mixed Platforms.ActiveCfg = Release|Any CPU
		{68BF384E-34EB-44F9-9502-C1BDEEA01E01}.Release|Mixed Platforms.Build.0 = Release|Any CPU
		{68BF384E-34EB-44F9-9502-C1BDEEA01E01}.Release|x86.ActiveCfg = Release|Any CPU
		{74D0E8B5-6B51-4910-A4B1-E90657161B8A}.Debug|Any CPU.ActiveCfg = Debug|Any CPU
		{74D0E8B5-6B51-4910-A4B1-E90657161B8A}.Debug|Any CPU.Build.0 = Debug|Any CPU
		{74D0E8B5-6B51-4910-A4B1-E90657161B8A}.Debug|Mixed Platforms.ActiveCfg = Debug|Any CPU
		{74D0E8B5-6B51-4910-A4B1-E90657161B8A}.Debug|Mixed Platforms.Build.0 = Debug|Any CPU
		{74D0E8B5-6B51-4910-A4B1-E90657161B8A}.Debug|x86.ActiveCfg = Debug|Any CPU
		{74D0E8B5-6B51-4910-A4B1-E90657161B8A}.Release|Any CPU.ActiveCfg = Release|Any CPU
		{74D0E8B5-6B51-4910-A4B1-E90657161B8A}.Release|Any CPU.Build.0 = Release|Any CPU
		{74D0E8B5-6B51-4910-A4B1-E90657161B8A}.Release|Mixed Platforms.ActiveCfg = Release|Any CPU
		{74D0E8B5-6B51-4910-A4B1-E90657161B8A}.Release|Mixed Platforms.Build.0 = Release|Any CPU
		{74D0E8B5-6B51-4910-A4B1-E90657161B8A}.Release|x86.ActiveCfg = Release|Any CPU
		{0834218A-9AA5-414A-8679-A7EF7E7B59AB}.Debug|Any CPU.ActiveCfg = Debug|Any CPU
		{0834218A-9AA5-414A-8679-A7EF7E7B59AB}.Debug|Any CPU.Build.0 = Debug|Any CPU
		{0834218A-9AA5-414A-8679-A7EF7E7B59AB}.Debug|Mixed Platforms.ActiveCfg = Debug|Any CPU
		{0834218A-9AA5-414A-8679-A7EF7E7B59AB}.Debug|Mixed Platforms.Build.0 = Debug|Any CPU
		{0834218A-9AA5-414A-8679-A7EF7E7B59AB}.Debug|x86.ActiveCfg = Debug|Any CPU
		{0834218A-9AA5-414A-8679-A7EF7E7B59AB}.Release|Any CPU.ActiveCfg = Release|Any CPU
		{0834218A-9AA5-414A-8679-A7EF7E7B59AB}.Release|Any CPU.Build.0 = Release|Any CPU
		{0834218A-9AA5-414A-8679-A7EF7E7B59AB}.Release|Mixed Platforms.ActiveCfg = Release|Any CPU
		{0834218A-9AA5-414A-8679-A7EF7E7B59AB}.Release|Mixed Platforms.Build.0 = Release|Any CPU
		{0834218A-9AA5-414A-8679-A7EF7E7B59AB}.Release|x86.ActiveCfg = Release|Any CPU
		{66CDA27E-18FA-49C6-8A9E-C89F96885C01}.Debug|Any CPU.ActiveCfg = Debug|Any CPU
		{66CDA27E-18FA-49C6-8A9E-C89F96885C01}.Debug|Any CPU.Build.0 = Debug|Any CPU
		{66CDA27E-18FA-49C6-8A9E-C89F96885C01}.Debug|Mixed Platforms.ActiveCfg = Debug|Any CPU
		{66CDA27E-18FA-49C6-8A9E-C89F96885C01}.Debug|Mixed Platforms.Build.0 = Debug|Any CPU
		{66CDA27E-18FA-49C6-8A9E-C89F96885C01}.Debug|x86.ActiveCfg = Debug|Any CPU
		{66CDA27E-18FA-49C6-8A9E-C89F96885C01}.Release|Any CPU.ActiveCfg = Release|Any CPU
		{66CDA27E-18FA-49C6-8A9E-C89F96885C01}.Release|Any CPU.Build.0 = Release|Any CPU
		{66CDA27E-18FA-49C6-8A9E-C89F96885C01}.Release|Mixed Platforms.ActiveCfg = Release|Any CPU
		{66CDA27E-18FA-49C6-8A9E-C89F96885C01}.Release|Mixed Platforms.Build.0 = Release|Any CPU
		{66CDA27E-18FA-49C6-8A9E-C89F96885C01}.Release|x86.ActiveCfg = Release|Any CPU
		{0EA389A8-7D61-4669-A8AD-BF6E575D4D5C}.Debug|Any CPU.ActiveCfg = Debug|Any CPU
		{0EA389A8-7D61-4669-A8AD-BF6E575D4D5C}.Debug|Any CPU.Build.0 = Debug|Any CPU
		{0EA389A8-7D61-4669-A8AD-BF6E575D4D5C}.Debug|Mixed Platforms.ActiveCfg = Debug|Any CPU
		{0EA389A8-7D61-4669-A8AD-BF6E575D4D5C}.Debug|Mixed Platforms.Build.0 = Debug|Any CPU
		{0EA389A8-7D61-4669-A8AD-BF6E575D4D5C}.Debug|x86.ActiveCfg = Debug|Any CPU
		{0EA389A8-7D61-4669-A8AD-BF6E575D4D5C}.Release|Any CPU.ActiveCfg = Release|Any CPU
		{0EA389A8-7D61-4669-A8AD-BF6E575D4D5C}.Release|Any CPU.Build.0 = Release|Any CPU
		{0EA389A8-7D61-4669-A8AD-BF6E575D4D5C}.Release|Mixed Platforms.ActiveCfg = Release|Any CPU
		{0EA389A8-7D61-4669-A8AD-BF6E575D4D5C}.Release|Mixed Platforms.Build.0 = Release|Any CPU
		{0EA389A8-7D61-4669-A8AD-BF6E575D4D5C}.Release|x86.ActiveCfg = Release|Any CPU
		{BB12525D-79CE-4FFC-88BC-D4203ED841DF}.Debug|Any CPU.ActiveCfg = Debug|Any CPU
		{BB12525D-79CE-4FFC-88BC-D4203ED841DF}.Debug|Any CPU.Build.0 = Debug|Any CPU
		{BB12525D-79CE-4FFC-88BC-D4203ED841DF}.Debug|Mixed Platforms.ActiveCfg = Debug|Any CPU
		{BB12525D-79CE-4FFC-88BC-D4203ED841DF}.Debug|Mixed Platforms.Build.0 = Debug|Any CPU
		{BB12525D-79CE-4FFC-88BC-D4203ED841DF}.Debug|x86.ActiveCfg = Debug|Any CPU
		{BB12525D-79CE-4FFC-88BC-D4203ED841DF}.Release|Any CPU.ActiveCfg = Release|Any CPU
		{BB12525D-79CE-4FFC-88BC-D4203ED841DF}.Release|Any CPU.Build.0 = Release|Any CPU
		{BB12525D-79CE-4FFC-88BC-D4203ED841DF}.Release|Mixed Platforms.ActiveCfg = Release|Any CPU
		{BB12525D-79CE-4FFC-88BC-D4203ED841DF}.Release|Mixed Platforms.Build.0 = Release|Any CPU
		{BB12525D-79CE-4FFC-88BC-D4203ED841DF}.Release|x86.ActiveCfg = Release|Any CPU
		{CBE67D20-4839-4F38-80B5-84D7CC6FFAAA}.Debug|Any CPU.ActiveCfg = Debug|Any CPU
		{CBE67D20-4839-4F38-80B5-84D7CC6FFAAA}.Debug|Any CPU.Build.0 = Debug|Any CPU
		{CBE67D20-4839-4F38-80B5-84D7CC6FFAAA}.Debug|Mixed Platforms.ActiveCfg = Debug|Any CPU
		{CBE67D20-4839-4F38-80B5-84D7CC6FFAAA}.Debug|Mixed Platforms.Build.0 = Debug|Any CPU
		{CBE67D20-4839-4F38-80B5-84D7CC6FFAAA}.Debug|x86.ActiveCfg = Debug|Any CPU
		{CBE67D20-4839-4F38-80B5-84D7CC6FFAAA}.Release|Any CPU.ActiveCfg = Release|Any CPU
		{CBE67D20-4839-4F38-80B5-84D7CC6FFAAA}.Release|Any CPU.Build.0 = Release|Any CPU
		{CBE67D20-4839-4F38-80B5-84D7CC6FFAAA}.Release|Mixed Platforms.ActiveCfg = Release|Any CPU
		{CBE67D20-4839-4F38-80B5-84D7CC6FFAAA}.Release|Mixed Platforms.Build.0 = Release|Any CPU
		{CBE67D20-4839-4F38-80B5-84D7CC6FFAAA}.Release|x86.ActiveCfg = Release|Any CPU
		{2FFFC8C9-DB4C-4307-984F-CA9F3A14CCFF}.Debug|Any CPU.ActiveCfg = Debug|Any CPU
		{2FFFC8C9-DB4C-4307-984F-CA9F3A14CCFF}.Debug|Any CPU.Build.0 = Debug|Any CPU
		{2FFFC8C9-DB4C-4307-984F-CA9F3A14CCFF}.Debug|Mixed Platforms.ActiveCfg = Debug|Any CPU
		{2FFFC8C9-DB4C-4307-984F-CA9F3A14CCFF}.Debug|Mixed Platforms.Build.0 = Debug|Any CPU
		{2FFFC8C9-DB4C-4307-984F-CA9F3A14CCFF}.Debug|x86.ActiveCfg = Debug|Any CPU
		{2FFFC8C9-DB4C-4307-984F-CA9F3A14CCFF}.Release|Any CPU.ActiveCfg = Release|Any CPU
		{2FFFC8C9-DB4C-4307-984F-CA9F3A14CCFF}.Release|Any CPU.Build.0 = Release|Any CPU
		{2FFFC8C9-DB4C-4307-984F-CA9F3A14CCFF}.Release|Mixed Platforms.ActiveCfg = Release|Any CPU
		{2FFFC8C9-DB4C-4307-984F-CA9F3A14CCFF}.Release|Mixed Platforms.Build.0 = Release|Any CPU
		{2FFFC8C9-DB4C-4307-984F-CA9F3A14CCFF}.Release|x86.ActiveCfg = Release|Any CPU
		{D9350C17-4631-49A4-A799-01BC1975C352}.Debug|Any CPU.ActiveCfg = Debug|Any CPU
		{D9350C17-4631-49A4-A799-01BC1975C352}.Debug|Any CPU.Build.0 = Debug|Any CPU
		{D9350C17-4631-49A4-A799-01BC1975C352}.Debug|Mixed Platforms.ActiveCfg = Debug|Any CPU
		{D9350C17-4631-49A4-A799-01BC1975C352}.Debug|Mixed Platforms.Build.0 = Debug|Any CPU
		{D9350C17-4631-49A4-A799-01BC1975C352}.Debug|x86.ActiveCfg = Debug|Any CPU
		{D9350C17-4631-49A4-A799-01BC1975C352}.Release|Any CPU.ActiveCfg = Release|Any CPU
		{D9350C17-4631-49A4-A799-01BC1975C352}.Release|Any CPU.Build.0 = Release|Any CPU
		{D9350C17-4631-49A4-A799-01BC1975C352}.Release|Mixed Platforms.ActiveCfg = Release|Any CPU
		{D9350C17-4631-49A4-A799-01BC1975C352}.Release|Mixed Platforms.Build.0 = Release|Any CPU
		{D9350C17-4631-49A4-A799-01BC1975C352}.Release|x86.ActiveCfg = Release|Any CPU
		{5DA9DFAE-44F8-43BE-A22C-65A25D93EE59}.Debug|Any CPU.ActiveCfg = Debug|Any CPU
		{5DA9DFAE-44F8-43BE-A22C-65A25D93EE59}.Debug|Any CPU.Build.0 = Debug|Any CPU
		{5DA9DFAE-44F8-43BE-A22C-65A25D93EE59}.Debug|Mixed Platforms.ActiveCfg = Debug|Any CPU
		{5DA9DFAE-44F8-43BE-A22C-65A25D93EE59}.Debug|Mixed Platforms.Build.0 = Debug|Any CPU
		{5DA9DFAE-44F8-43BE-A22C-65A25D93EE59}.Debug|x86.ActiveCfg = Debug|Any CPU
		{5DA9DFAE-44F8-43BE-A22C-65A25D93EE59}.Release|Any CPU.ActiveCfg = Release|Any CPU
		{5DA9DFAE-44F8-43BE-A22C-65A25D93EE59}.Release|Any CPU.Build.0 = Release|Any CPU
		{5DA9DFAE-44F8-43BE-A22C-65A25D93EE59}.Release|Mixed Platforms.ActiveCfg = Release|Any CPU
		{5DA9DFAE-44F8-43BE-A22C-65A25D93EE59}.Release|Mixed Platforms.Build.0 = Release|Any CPU
		{5DA9DFAE-44F8-43BE-A22C-65A25D93EE59}.Release|x86.ActiveCfg = Release|Any CPU
		{05EA2883-EEE6-4314-8938-74AA3643FA72}.Debug|Any CPU.ActiveCfg = Debug|Any CPU
		{05EA2883-EEE6-4314-8938-74AA3643FA72}.Debug|Any CPU.Build.0 = Debug|Any CPU
		{05EA2883-EEE6-4314-8938-74AA3643FA72}.Debug|Mixed Platforms.ActiveCfg = Debug|Any CPU
		{05EA2883-EEE6-4314-8938-74AA3643FA72}.Debug|Mixed Platforms.Build.0 = Debug|Any CPU
		{05EA2883-EEE6-4314-8938-74AA3643FA72}.Debug|x86.ActiveCfg = Debug|Any CPU
		{05EA2883-EEE6-4314-8938-74AA3643FA72}.Release|Any CPU.ActiveCfg = Release|Any CPU
		{05EA2883-EEE6-4314-8938-74AA3643FA72}.Release|Any CPU.Build.0 = Release|Any CPU
		{05EA2883-EEE6-4314-8938-74AA3643FA72}.Release|Mixed Platforms.ActiveCfg = Release|Any CPU
		{05EA2883-EEE6-4314-8938-74AA3643FA72}.Release|Mixed Platforms.Build.0 = Release|Any CPU
		{05EA2883-EEE6-4314-8938-74AA3643FA72}.Release|x86.ActiveCfg = Release|Any CPU
		{CDCC6E47-DC6F-4396-9F4B-B109E183F24F}.Debug|Any CPU.ActiveCfg = Debug|Any CPU
		{CDCC6E47-DC6F-4396-9F4B-B109E183F24F}.Debug|Any CPU.Build.0 = Debug|Any CPU
		{CDCC6E47-DC6F-4396-9F4B-B109E183F24F}.Debug|Mixed Platforms.ActiveCfg = Debug|Any CPU
		{CDCC6E47-DC6F-4396-9F4B-B109E183F24F}.Debug|Mixed Platforms.Build.0 = Debug|Any CPU
		{CDCC6E47-DC6F-4396-9F4B-B109E183F24F}.Debug|x86.ActiveCfg = Debug|Any CPU
		{CDCC6E47-DC6F-4396-9F4B-B109E183F24F}.Release|Any CPU.ActiveCfg = Release|Any CPU
		{CDCC6E47-DC6F-4396-9F4B-B109E183F24F}.Release|Any CPU.Build.0 = Release|Any CPU
		{CDCC6E47-DC6F-4396-9F4B-B109E183F24F}.Release|Mixed Platforms.ActiveCfg = Release|Any CPU
		{CDCC6E47-DC6F-4396-9F4B-B109E183F24F}.Release|Mixed Platforms.Build.0 = Release|Any CPU
		{CDCC6E47-DC6F-4396-9F4B-B109E183F24F}.Release|x86.ActiveCfg = Release|Any CPU
		{0A6686FD-1896-4189-A09A-0EB4140E755F}.Debug|Any CPU.ActiveCfg = Debug|Any CPU
		{0A6686FD-1896-4189-A09A-0EB4140E755F}.Debug|Any CPU.Build.0 = Debug|Any CPU
		{0A6686FD-1896-4189-A09A-0EB4140E755F}.Debug|Mixed Platforms.ActiveCfg = Debug|Any CPU
		{0A6686FD-1896-4189-A09A-0EB4140E755F}.Debug|Mixed Platforms.Build.0 = Debug|Any CPU
		{0A6686FD-1896-4189-A09A-0EB4140E755F}.Debug|x86.ActiveCfg = Debug|Any CPU
		{0A6686FD-1896-4189-A09A-0EB4140E755F}.Release|Any CPU.ActiveCfg = Release|Any CPU
		{0A6686FD-1896-4189-A09A-0EB4140E755F}.Release|Any CPU.Build.0 = Release|Any CPU
		{0A6686FD-1896-4189-A09A-0EB4140E755F}.Release|Mixed Platforms.ActiveCfg = Release|Any CPU
		{0A6686FD-1896-4189-A09A-0EB4140E755F}.Release|Mixed Platforms.Build.0 = Release|Any CPU
		{0A6686FD-1896-4189-A09A-0EB4140E755F}.Release|x86.ActiveCfg = Release|Any CPU
		{B14E739C-5ADC-41BB-89EF-78C2983B51B0}.Debug|Any CPU.ActiveCfg = Debug|Any CPU
		{B14E739C-5ADC-41BB-89EF-78C2983B51B0}.Debug|Any CPU.Build.0 = Debug|Any CPU
		{B14E739C-5ADC-41BB-89EF-78C2983B51B0}.Debug|Mixed Platforms.ActiveCfg = Debug|Any CPU
		{B14E739C-5ADC-41BB-89EF-78C2983B51B0}.Debug|Mixed Platforms.Build.0 = Debug|Any CPU
		{B14E739C-5ADC-41BB-89EF-78C2983B51B0}.Debug|x86.ActiveCfg = Debug|Any CPU
		{B14E739C-5ADC-41BB-89EF-78C2983B51B0}.Release|Any CPU.ActiveCfg = Release|Any CPU
		{B14E739C-5ADC-41BB-89EF-78C2983B51B0}.Release|Any CPU.Build.0 = Release|Any CPU
		{B14E739C-5ADC-41BB-89EF-78C2983B51B0}.Release|Mixed Platforms.ActiveCfg = Release|Any CPU
		{B14E739C-5ADC-41BB-89EF-78C2983B51B0}.Release|Mixed Platforms.Build.0 = Release|Any CPU
		{B14E739C-5ADC-41BB-89EF-78C2983B51B0}.Release|x86.ActiveCfg = Release|Any CPU
		{C941C903-74BA-4D6F-9C67-B6D865BC3562}.Debug|Any CPU.ActiveCfg = Debug|Any CPU
		{C941C903-74BA-4D6F-9C67-B6D865BC3562}.Debug|Any CPU.Build.0 = Debug|Any CPU
		{C941C903-74BA-4D6F-9C67-B6D865BC3562}.Debug|Mixed Platforms.ActiveCfg = Debug|Any CPU
		{C941C903-74BA-4D6F-9C67-B6D865BC3562}.Debug|Mixed Platforms.Build.0 = Debug|Any CPU
		{C941C903-74BA-4D6F-9C67-B6D865BC3562}.Debug|x86.ActiveCfg = Debug|Any CPU
		{C941C903-74BA-4D6F-9C67-B6D865BC3562}.Release|Any CPU.ActiveCfg = Release|Any CPU
		{C941C903-74BA-4D6F-9C67-B6D865BC3562}.Release|Any CPU.Build.0 = Release|Any CPU
		{C941C903-74BA-4D6F-9C67-B6D865BC3562}.Release|Mixed Platforms.ActiveCfg = Release|Any CPU
		{C941C903-74BA-4D6F-9C67-B6D865BC3562}.Release|Mixed Platforms.Build.0 = Release|Any CPU
		{C941C903-74BA-4D6F-9C67-B6D865BC3562}.Release|x86.ActiveCfg = Release|Any CPU
		{73879BB2-F62F-431B-B06E-D97FE22F5BCF}.Debug|Any CPU.ActiveCfg = Debug|Any CPU
		{73879BB2-F62F-431B-B06E-D97FE22F5BCF}.Debug|Any CPU.Build.0 = Debug|Any CPU
		{73879BB2-F62F-431B-B06E-D97FE22F5BCF}.Debug|Mixed Platforms.ActiveCfg = Debug|Any CPU
		{73879BB2-F62F-431B-B06E-D97FE22F5BCF}.Debug|Mixed Platforms.Build.0 = Debug|Any CPU
		{73879BB2-F62F-431B-B06E-D97FE22F5BCF}.Debug|x86.ActiveCfg = Debug|Any CPU
		{73879BB2-F62F-431B-B06E-D97FE22F5BCF}.Release|Any CPU.ActiveCfg = Release|Any CPU
		{73879BB2-F62F-431B-B06E-D97FE22F5BCF}.Release|Any CPU.Build.0 = Release|Any CPU
		{73879BB2-F62F-431B-B06E-D97FE22F5BCF}.Release|Mixed Platforms.ActiveCfg = Release|Any CPU
		{73879BB2-F62F-431B-B06E-D97FE22F5BCF}.Release|Mixed Platforms.Build.0 = Release|Any CPU
		{73879BB2-F62F-431B-B06E-D97FE22F5BCF}.Release|x86.ActiveCfg = Release|Any CPU
		{B75173D0-E265-4060-84CB-C3B188FD693B}.Debug|Any CPU.ActiveCfg = Debug|Any CPU
		{B75173D0-E265-4060-84CB-C3B188FD693B}.Debug|Any CPU.Build.0 = Debug|Any CPU
		{B75173D0-E265-4060-84CB-C3B188FD693B}.Debug|Mixed Platforms.ActiveCfg = Debug|Any CPU
		{B75173D0-E265-4060-84CB-C3B188FD693B}.Debug|Mixed Platforms.Build.0 = Debug|Any CPU
		{B75173D0-E265-4060-84CB-C3B188FD693B}.Debug|x86.ActiveCfg = Debug|Any CPU
		{B75173D0-E265-4060-84CB-C3B188FD693B}.Release|Any CPU.ActiveCfg = Release|Any CPU
		{B75173D0-E265-4060-84CB-C3B188FD693B}.Release|Any CPU.Build.0 = Release|Any CPU
		{B75173D0-E265-4060-84CB-C3B188FD693B}.Release|Mixed Platforms.ActiveCfg = Release|Any CPU
		{B75173D0-E265-4060-84CB-C3B188FD693B}.Release|Mixed Platforms.Build.0 = Release|Any CPU
		{B75173D0-E265-4060-84CB-C3B188FD693B}.Release|x86.ActiveCfg = Release|Any CPU
		{1D55AA9E-E54D-4D4A-9C21-35DC8D904A91}.Debug|Any CPU.ActiveCfg = Debug|Any CPU
		{1D55AA9E-E54D-4D4A-9C21-35DC8D904A91}.Debug|Any CPU.Build.0 = Debug|Any CPU
		{1D55AA9E-E54D-4D4A-9C21-35DC8D904A91}.Debug|Mixed Platforms.ActiveCfg = Debug|Any CPU
		{1D55AA9E-E54D-4D4A-9C21-35DC8D904A91}.Debug|Mixed Platforms.Build.0 = Debug|Any CPU
		{1D55AA9E-E54D-4D4A-9C21-35DC8D904A91}.Debug|x86.ActiveCfg = Debug|Any CPU
		{1D55AA9E-E54D-4D4A-9C21-35DC8D904A91}.Release|Any CPU.ActiveCfg = Release|Any CPU
		{1D55AA9E-E54D-4D4A-9C21-35DC8D904A91}.Release|Any CPU.Build.0 = Release|Any CPU
		{1D55AA9E-E54D-4D4A-9C21-35DC8D904A91}.Release|Mixed Platforms.ActiveCfg = Release|Any CPU
		{1D55AA9E-E54D-4D4A-9C21-35DC8D904A91}.Release|Mixed Platforms.Build.0 = Release|Any CPU
		{1D55AA9E-E54D-4D4A-9C21-35DC8D904A91}.Release|x86.ActiveCfg = Release|Any CPU
		{9CBC4B72-17D7-433E-8CD8-ABF668EDAC8B}.Debug|Any CPU.ActiveCfg = Debug|Any CPU
		{9CBC4B72-17D7-433E-8CD8-ABF668EDAC8B}.Debug|Any CPU.Build.0 = Debug|Any CPU
		{9CBC4B72-17D7-433E-8CD8-ABF668EDAC8B}.Debug|Mixed Platforms.ActiveCfg = Debug|Any CPU
		{9CBC4B72-17D7-433E-8CD8-ABF668EDAC8B}.Debug|Mixed Platforms.Build.0 = Debug|Any CPU
		{9CBC4B72-17D7-433E-8CD8-ABF668EDAC8B}.Debug|x86.ActiveCfg = Debug|Any CPU
		{9CBC4B72-17D7-433E-8CD8-ABF668EDAC8B}.Release|Any CPU.ActiveCfg = Release|Any CPU
		{9CBC4B72-17D7-433E-8CD8-ABF668EDAC8B}.Release|Any CPU.Build.0 = Release|Any CPU
		{9CBC4B72-17D7-433E-8CD8-ABF668EDAC8B}.Release|Mixed Platforms.ActiveCfg = Release|Any CPU
		{9CBC4B72-17D7-433E-8CD8-ABF668EDAC8B}.Release|Mixed Platforms.Build.0 = Release|Any CPU
		{9CBC4B72-17D7-433E-8CD8-ABF668EDAC8B}.Release|x86.ActiveCfg = Release|Any CPU
		{62569374-4E9D-4740-8984-6AF69AF8FDDD}.Debug|Any CPU.ActiveCfg = Debug|Any CPU
		{62569374-4E9D-4740-8984-6AF69AF8FDDD}.Debug|Any CPU.Build.0 = Debug|Any CPU
		{62569374-4E9D-4740-8984-6AF69AF8FDDD}.Debug|Mixed Platforms.ActiveCfg = Debug|Any CPU
		{62569374-4E9D-4740-8984-6AF69AF8FDDD}.Debug|Mixed Platforms.Build.0 = Debug|Any CPU
		{62569374-4E9D-4740-8984-6AF69AF8FDDD}.Debug|x86.ActiveCfg = Debug|Any CPU
		{62569374-4E9D-4740-8984-6AF69AF8FDDD}.Release|Any CPU.ActiveCfg = Release|Any CPU
		{62569374-4E9D-4740-8984-6AF69AF8FDDD}.Release|Any CPU.Build.0 = Release|Any CPU
		{62569374-4E9D-4740-8984-6AF69AF8FDDD}.Release|Mixed Platforms.ActiveCfg = Release|Any CPU
		{62569374-4E9D-4740-8984-6AF69AF8FDDD}.Release|Mixed Platforms.Build.0 = Release|Any CPU
		{62569374-4E9D-4740-8984-6AF69AF8FDDD}.Release|x86.ActiveCfg = Release|Any CPU
		{5BE63DF3-5280-42B6-BF4B-F75542511700}.Debug|Any CPU.ActiveCfg = Debug|Any CPU
		{5BE63DF3-5280-42B6-BF4B-F75542511700}.Debug|Any CPU.Build.0 = Debug|Any CPU
		{5BE63DF3-5280-42B6-BF4B-F75542511700}.Debug|Mixed Platforms.ActiveCfg = Debug|Any CPU
		{5BE63DF3-5280-42B6-BF4B-F75542511700}.Debug|Mixed Platforms.Build.0 = Debug|Any CPU
		{5BE63DF3-5280-42B6-BF4B-F75542511700}.Debug|x86.ActiveCfg = Debug|Any CPU
		{5BE63DF3-5280-42B6-BF4B-F75542511700}.Release|Any CPU.ActiveCfg = Release|Any CPU
		{5BE63DF3-5280-42B6-BF4B-F75542511700}.Release|Any CPU.Build.0 = Release|Any CPU
		{5BE63DF3-5280-42B6-BF4B-F75542511700}.Release|Mixed Platforms.ActiveCfg = Release|Any CPU
		{5BE63DF3-5280-42B6-BF4B-F75542511700}.Release|Mixed Platforms.Build.0 = Release|Any CPU
		{5BE63DF3-5280-42B6-BF4B-F75542511700}.Release|x86.ActiveCfg = Release|Any CPU
		{3B796B6C-214B-4A03-A98D-01BB1B7D165B}.Debug|Any CPU.ActiveCfg = Debug|Any CPU
		{3B796B6C-214B-4A03-A98D-01BB1B7D165B}.Debug|Any CPU.Build.0 = Debug|Any CPU
		{3B796B6C-214B-4A03-A98D-01BB1B7D165B}.Debug|Mixed Platforms.ActiveCfg = Debug|Any CPU
		{3B796B6C-214B-4A03-A98D-01BB1B7D165B}.Debug|Mixed Platforms.Build.0 = Debug|Any CPU
		{3B796B6C-214B-4A03-A98D-01BB1B7D165B}.Debug|x86.ActiveCfg = Debug|Any CPU
		{3B796B6C-214B-4A03-A98D-01BB1B7D165B}.Release|Any CPU.ActiveCfg = Release|Any CPU
		{3B796B6C-214B-4A03-A98D-01BB1B7D165B}.Release|Any CPU.Build.0 = Release|Any CPU
		{3B796B6C-214B-4A03-A98D-01BB1B7D165B}.Release|Mixed Platforms.ActiveCfg = Release|Any CPU
		{3B796B6C-214B-4A03-A98D-01BB1B7D165B}.Release|Mixed Platforms.Build.0 = Release|Any CPU
		{3B796B6C-214B-4A03-A98D-01BB1B7D165B}.Release|x86.ActiveCfg = Release|Any CPU
		{57015573-9E25-4A4C-8E6A-3BF6CA97FB33}.Debug|Any CPU.ActiveCfg = Debug|Any CPU
		{57015573-9E25-4A4C-8E6A-3BF6CA97FB33}.Debug|Any CPU.Build.0 = Debug|Any CPU
		{57015573-9E25-4A4C-8E6A-3BF6CA97FB33}.Debug|Mixed Platforms.ActiveCfg = Debug|Any CPU
		{57015573-9E25-4A4C-8E6A-3BF6CA97FB33}.Debug|Mixed Platforms.Build.0 = Debug|Any CPU
		{57015573-9E25-4A4C-8E6A-3BF6CA97FB33}.Debug|x86.ActiveCfg = Debug|Any CPU
		{57015573-9E25-4A4C-8E6A-3BF6CA97FB33}.Release|Any CPU.ActiveCfg = Release|Any CPU
		{57015573-9E25-4A4C-8E6A-3BF6CA97FB33}.Release|Any CPU.Build.0 = Release|Any CPU
		{57015573-9E25-4A4C-8E6A-3BF6CA97FB33}.Release|Mixed Platforms.ActiveCfg = Release|Any CPU
		{57015573-9E25-4A4C-8E6A-3BF6CA97FB33}.Release|Mixed Platforms.Build.0 = Release|Any CPU
		{57015573-9E25-4A4C-8E6A-3BF6CA97FB33}.Release|x86.ActiveCfg = Release|Any CPU
		{3969CE86-DFE4-4FB1-A7A0-B735BF48054C}.Debug|Any CPU.ActiveCfg = Debug|Any CPU
		{3969CE86-DFE4-4FB1-A7A0-B735BF48054C}.Debug|Any CPU.Build.0 = Debug|Any CPU
		{3969CE86-DFE4-4FB1-A7A0-B735BF48054C}.Debug|Mixed Platforms.ActiveCfg = Debug|Any CPU
		{3969CE86-DFE4-4FB1-A7A0-B735BF48054C}.Debug|Mixed Platforms.Build.0 = Debug|Any CPU
		{3969CE86-DFE4-4FB1-A7A0-B735BF48054C}.Debug|x86.ActiveCfg = Debug|Any CPU
		{3969CE86-DFE4-4FB1-A7A0-B735BF48054C}.Release|Any CPU.ActiveCfg = Release|Any CPU
		{3969CE86-DFE4-4FB1-A7A0-B735BF48054C}.Release|Any CPU.Build.0 = Release|Any CPU
		{3969CE86-DFE4-4FB1-A7A0-B735BF48054C}.Release|Mixed Platforms.ActiveCfg = Release|Any CPU
		{3969CE86-DFE4-4FB1-A7A0-B735BF48054C}.Release|Mixed Platforms.Build.0 = Release|Any CPU
		{3969CE86-DFE4-4FB1-A7A0-B735BF48054C}.Release|x86.ActiveCfg = Release|Any CPU
		{F8FEE654-98D1-4B61-A8EA-B77270545CC8}.Debug|Any CPU.ActiveCfg = Debug|Any CPU
		{F8FEE654-98D1-4B61-A8EA-B77270545CC8}.Debug|Any CPU.Build.0 = Debug|Any CPU
		{F8FEE654-98D1-4B61-A8EA-B77270545CC8}.Debug|Mixed Platforms.ActiveCfg = Debug|Any CPU
		{F8FEE654-98D1-4B61-A8EA-B77270545CC8}.Debug|Mixed Platforms.Build.0 = Debug|Any CPU
		{F8FEE654-98D1-4B61-A8EA-B77270545CC8}.Debug|x86.ActiveCfg = Debug|Any CPU
		{F8FEE654-98D1-4B61-A8EA-B77270545CC8}.Release|Any CPU.ActiveCfg = Release|Any CPU
		{F8FEE654-98D1-4B61-A8EA-B77270545CC8}.Release|Any CPU.Build.0 = Release|Any CPU
		{F8FEE654-98D1-4B61-A8EA-B77270545CC8}.Release|Mixed Platforms.ActiveCfg = Release|Any CPU
		{F8FEE654-98D1-4B61-A8EA-B77270545CC8}.Release|Mixed Platforms.Build.0 = Release|Any CPU
		{F8FEE654-98D1-4B61-A8EA-B77270545CC8}.Release|x86.ActiveCfg = Release|Any CPU
		{8306DE8A-FD64-48F2-8A60-9FE5FFA6E4FB}.Debug|Any CPU.ActiveCfg = Debug|Any CPU
		{8306DE8A-FD64-48F2-8A60-9FE5FFA6E4FB}.Debug|Any CPU.Build.0 = Debug|Any CPU
		{8306DE8A-FD64-48F2-8A60-9FE5FFA6E4FB}.Debug|Mixed Platforms.ActiveCfg = Debug|Any CPU
		{8306DE8A-FD64-48F2-8A60-9FE5FFA6E4FB}.Debug|Mixed Platforms.Build.0 = Debug|Any CPU
		{8306DE8A-FD64-48F2-8A60-9FE5FFA6E4FB}.Debug|x86.ActiveCfg = Debug|Any CPU
		{8306DE8A-FD64-48F2-8A60-9FE5FFA6E4FB}.Release|Any CPU.ActiveCfg = Release|Any CPU
		{8306DE8A-FD64-48F2-8A60-9FE5FFA6E4FB}.Release|Any CPU.Build.0 = Release|Any CPU
		{8306DE8A-FD64-48F2-8A60-9FE5FFA6E4FB}.Release|Mixed Platforms.ActiveCfg = Release|Any CPU
		{8306DE8A-FD64-48F2-8A60-9FE5FFA6E4FB}.Release|Mixed Platforms.Build.0 = Release|Any CPU
		{8306DE8A-FD64-48F2-8A60-9FE5FFA6E4FB}.Release|x86.ActiveCfg = Release|Any CPU
		{2FE1A182-E26B-4E48-9E20-A34745301733}.Debug|Any CPU.ActiveCfg = Debug|Any CPU
		{2FE1A182-E26B-4E48-9E20-A34745301733}.Debug|Any CPU.Build.0 = Debug|Any CPU
		{2FE1A182-E26B-4E48-9E20-A34745301733}.Debug|Mixed Platforms.ActiveCfg = Debug|Any CPU
		{2FE1A182-E26B-4E48-9E20-A34745301733}.Debug|Mixed Platforms.Build.0 = Debug|Any CPU
		{2FE1A182-E26B-4E48-9E20-A34745301733}.Debug|x86.ActiveCfg = Debug|Any CPU
		{2FE1A182-E26B-4E48-9E20-A34745301733}.Release|Any CPU.ActiveCfg = Release|Any CPU
		{2FE1A182-E26B-4E48-9E20-A34745301733}.Release|Any CPU.Build.0 = Release|Any CPU
		{2FE1A182-E26B-4E48-9E20-A34745301733}.Release|Mixed Platforms.ActiveCfg = Release|Any CPU
		{2FE1A182-E26B-4E48-9E20-A34745301733}.Release|Mixed Platforms.Build.0 = Release|Any CPU
		{2FE1A182-E26B-4E48-9E20-A34745301733}.Release|x86.ActiveCfg = Release|Any CPU
		{A307D343-A7A6-4DDC-829D-E3F22BD380F8}.Debug|Any CPU.ActiveCfg = Debug|Any CPU
		{A307D343-A7A6-4DDC-829D-E3F22BD380F8}.Debug|Any CPU.Build.0 = Debug|Any CPU
		{A307D343-A7A6-4DDC-829D-E3F22BD380F8}.Debug|Mixed Platforms.ActiveCfg = Debug|Any CPU
		{A307D343-A7A6-4DDC-829D-E3F22BD380F8}.Debug|Mixed Platforms.Build.0 = Debug|Any CPU
		{A307D343-A7A6-4DDC-829D-E3F22BD380F8}.Debug|x86.ActiveCfg = Debug|Any CPU
		{A307D343-A7A6-4DDC-829D-E3F22BD380F8}.Release|Any CPU.ActiveCfg = Release|Any CPU
		{A307D343-A7A6-4DDC-829D-E3F22BD380F8}.Release|Any CPU.Build.0 = Release|Any CPU
		{A307D343-A7A6-4DDC-829D-E3F22BD380F8}.Release|Mixed Platforms.ActiveCfg = Release|Any CPU
		{A307D343-A7A6-4DDC-829D-E3F22BD380F8}.Release|Mixed Platforms.Build.0 = Release|Any CPU
		{A307D343-A7A6-4DDC-829D-E3F22BD380F8}.Release|x86.ActiveCfg = Release|Any CPU
		{C2E4C558-D9A1-4B83-90B3-229194843598}.Debug|Any CPU.ActiveCfg = Debug|Any CPU
		{C2E4C558-D9A1-4B83-90B3-229194843598}.Debug|Any CPU.Build.0 = Debug|Any CPU
		{C2E4C558-D9A1-4B83-90B3-229194843598}.Debug|Mixed Platforms.ActiveCfg = Debug|Any CPU
		{C2E4C558-D9A1-4B83-90B3-229194843598}.Debug|Mixed Platforms.Build.0 = Debug|Any CPU
		{C2E4C558-D9A1-4B83-90B3-229194843598}.Debug|x86.ActiveCfg = Debug|Any CPU
		{C2E4C558-D9A1-4B83-90B3-229194843598}.Release|Any CPU.ActiveCfg = Release|Any CPU
		{C2E4C558-D9A1-4B83-90B3-229194843598}.Release|Any CPU.Build.0 = Release|Any CPU
		{C2E4C558-D9A1-4B83-90B3-229194843598}.Release|Mixed Platforms.ActiveCfg = Release|Any CPU
		{C2E4C558-D9A1-4B83-90B3-229194843598}.Release|Mixed Platforms.Build.0 = Release|Any CPU
		{C2E4C558-D9A1-4B83-90B3-229194843598}.Release|x86.ActiveCfg = Release|Any CPU
		{BB6500C2-61B0-4EEA-B3CD-3BEE6784205C}.Debug|Any CPU.ActiveCfg = Debug|Any CPU
		{BB6500C2-61B0-4EEA-B3CD-3BEE6784205C}.Debug|Any CPU.Build.0 = Debug|Any CPU
		{BB6500C2-61B0-4EEA-B3CD-3BEE6784205C}.Debug|Mixed Platforms.ActiveCfg = Debug|Any CPU
		{BB6500C2-61B0-4EEA-B3CD-3BEE6784205C}.Debug|Mixed Platforms.Build.0 = Debug|Any CPU
		{BB6500C2-61B0-4EEA-B3CD-3BEE6784205C}.Debug|x86.ActiveCfg = Debug|Any CPU
		{BB6500C2-61B0-4EEA-B3CD-3BEE6784205C}.Release|Any CPU.ActiveCfg = Release|Any CPU
		{BB6500C2-61B0-4EEA-B3CD-3BEE6784205C}.Release|Any CPU.Build.0 = Release|Any CPU
		{BB6500C2-61B0-4EEA-B3CD-3BEE6784205C}.Release|Mixed Platforms.ActiveCfg = Release|Any CPU
		{BB6500C2-61B0-4EEA-B3CD-3BEE6784205C}.Release|Mixed Platforms.Build.0 = Release|Any CPU
		{BB6500C2-61B0-4EEA-B3CD-3BEE6784205C}.Release|x86.ActiveCfg = Release|Any CPU
		{E387D25D-7E29-464F-9172-3118A230C3A3}.Debug|Any CPU.ActiveCfg = Debug|Any CPU
		{E387D25D-7E29-464F-9172-3118A230C3A3}.Debug|Any CPU.Build.0 = Debug|Any CPU
		{E387D25D-7E29-464F-9172-3118A230C3A3}.Debug|Mixed Platforms.ActiveCfg = Debug|Any CPU
		{E387D25D-7E29-464F-9172-3118A230C3A3}.Debug|Mixed Platforms.Build.0 = Debug|Any CPU
		{E387D25D-7E29-464F-9172-3118A230C3A3}.Debug|x86.ActiveCfg = Debug|Any CPU
		{E387D25D-7E29-464F-9172-3118A230C3A3}.Release|Any CPU.ActiveCfg = Release|Any CPU
		{E387D25D-7E29-464F-9172-3118A230C3A3}.Release|Any CPU.Build.0 = Release|Any CPU
		{E387D25D-7E29-464F-9172-3118A230C3A3}.Release|Mixed Platforms.ActiveCfg = Release|Any CPU
		{E387D25D-7E29-464F-9172-3118A230C3A3}.Release|Mixed Platforms.Build.0 = Release|Any CPU
		{E387D25D-7E29-464F-9172-3118A230C3A3}.Release|x86.ActiveCfg = Release|Any CPU
		{3AA52F84-605A-44B6-AF0E-004E6A3A7B45}.Debug|Any CPU.ActiveCfg = Debug|Any CPU
		{3AA52F84-605A-44B6-AF0E-004E6A3A7B45}.Debug|Any CPU.Build.0 = Debug|Any CPU
		{3AA52F84-605A-44B6-AF0E-004E6A3A7B45}.Debug|Mixed Platforms.ActiveCfg = Debug|Any CPU
		{3AA52F84-605A-44B6-AF0E-004E6A3A7B45}.Debug|Mixed Platforms.Build.0 = Debug|Any CPU
		{3AA52F84-605A-44B6-AF0E-004E6A3A7B45}.Debug|x86.ActiveCfg = Debug|Any CPU
		{3AA52F84-605A-44B6-AF0E-004E6A3A7B45}.Release|Any CPU.ActiveCfg = Release|Any CPU
		{3AA52F84-605A-44B6-AF0E-004E6A3A7B45}.Release|Any CPU.Build.0 = Release|Any CPU
		{3AA52F84-605A-44B6-AF0E-004E6A3A7B45}.Release|Mixed Platforms.ActiveCfg = Release|Any CPU
		{3AA52F84-605A-44B6-AF0E-004E6A3A7B45}.Release|Mixed Platforms.Build.0 = Release|Any CPU
		{3AA52F84-605A-44B6-AF0E-004E6A3A7B45}.Release|x86.ActiveCfg = Release|Any CPU
		{754F2C1C-77AE-4587-8737-5005AC0D40B6}.Debug|Any CPU.ActiveCfg = Debug|Any CPU
		{754F2C1C-77AE-4587-8737-5005AC0D40B6}.Debug|Any CPU.Build.0 = Debug|Any CPU
		{754F2C1C-77AE-4587-8737-5005AC0D40B6}.Debug|Mixed Platforms.ActiveCfg = Debug|Any CPU
		{754F2C1C-77AE-4587-8737-5005AC0D40B6}.Debug|Mixed Platforms.Build.0 = Debug|Any CPU
		{754F2C1C-77AE-4587-8737-5005AC0D40B6}.Debug|x86.ActiveCfg = Debug|Any CPU
		{754F2C1C-77AE-4587-8737-5005AC0D40B6}.Release|Any CPU.ActiveCfg = Release|Any CPU
		{754F2C1C-77AE-4587-8737-5005AC0D40B6}.Release|Any CPU.Build.0 = Release|Any CPU
		{754F2C1C-77AE-4587-8737-5005AC0D40B6}.Release|Mixed Platforms.ActiveCfg = Release|Any CPU
		{754F2C1C-77AE-4587-8737-5005AC0D40B6}.Release|Mixed Platforms.Build.0 = Release|Any CPU
		{754F2C1C-77AE-4587-8737-5005AC0D40B6}.Release|x86.ActiveCfg = Release|Any CPU
	EndGlobalSection
	GlobalSection(SolutionProperties) = preSolution
		HideSolutionNode = FALSE
	EndGlobalSection
	GlobalSection(NestedProjects) = preSolution
		{5F2F4441-FB3F-4805-ADB0-A1613214ED2A} = {B2C87276-34AA-40A9-A0A4-038E2FE22924}
		{712E47A0-449C-4C8A-B891-9A6A64C1323D} = {B2C87276-34AA-40A9-A0A4-038E2FE22924}
		{A3E3B84E-59FD-410E-98A6-383F2D9BD418} = {B2C87276-34AA-40A9-A0A4-038E2FE22924}
		{5B852105-EDA2-4F96-8608-8F161DAF6FD7} = {B2C87276-34AA-40A9-A0A4-038E2FE22924}
		{A7ECEE18-2D66-4D50-8BFE-6F721F3D3D2F} = {B2C87276-34AA-40A9-A0A4-038E2FE22924}
		{68BF384E-34EB-44F9-9502-C1BDEEA01E01} = {B2C87276-34AA-40A9-A0A4-038E2FE22924}
		{4D5787CA-1BF2-4FBF-9149-422E5BD3A103} = {B2C87276-34AA-40A9-A0A4-038E2FE22924}
		{0A6686FD-1896-4189-A09A-0EB4140E755F} = {B2C87276-34AA-40A9-A0A4-038E2FE22924}
		{3B796B6C-214B-4A03-A98D-01BB1B7D165B} = {B2C87276-34AA-40A9-A0A4-038E2FE22924}
		{57015573-9E25-4A4C-8E6A-3BF6CA97FB33} = {B2C87276-34AA-40A9-A0A4-038E2FE22924}
		{A307D343-A7A6-4DDC-829D-E3F22BD380F8} = {B2C87276-34AA-40A9-A0A4-038E2FE22924}
		{3AA52F84-605A-44B6-AF0E-004E6A3A7B45} = {B2C87276-34AA-40A9-A0A4-038E2FE22924}
		{74D0E8B5-6B51-4910-A4B1-E90657161B8A} = {4D5787CA-1BF2-4FBF-9149-422E5BD3A103}
		{0834218A-9AA5-414A-8679-A7EF7E7B59AB} = {4D5787CA-1BF2-4FBF-9149-422E5BD3A103}
		{66CDA27E-18FA-49C6-8A9E-C89F96885C01} = {4D5787CA-1BF2-4FBF-9149-422E5BD3A103}
		{0EA389A8-7D61-4669-A8AD-BF6E575D4D5C} = {4D5787CA-1BF2-4FBF-9149-422E5BD3A103}
		{BB12525D-79CE-4FFC-88BC-D4203ED841DF} = {4D5787CA-1BF2-4FBF-9149-422E5BD3A103}
		{CBE67D20-4839-4F38-80B5-84D7CC6FFAAA} = {4D5787CA-1BF2-4FBF-9149-422E5BD3A103}
		{2FFFC8C9-DB4C-4307-984F-CA9F3A14CCFF} = {4D5787CA-1BF2-4FBF-9149-422E5BD3A103}
		{D9350C17-4631-49A4-A799-01BC1975C352} = {4D5787CA-1BF2-4FBF-9149-422E5BD3A103}
		{5DA9DFAE-44F8-43BE-A22C-65A25D93EE59} = {4D5787CA-1BF2-4FBF-9149-422E5BD3A103}
		{05EA2883-EEE6-4314-8938-74AA3643FA72} = {4D5787CA-1BF2-4FBF-9149-422E5BD3A103}
		{CDCC6E47-DC6F-4396-9F4B-B109E183F24F} = {4D5787CA-1BF2-4FBF-9149-422E5BD3A103}
		{B14E739C-5ADC-41BB-89EF-78C2983B51B0} = {4D5787CA-1BF2-4FBF-9149-422E5BD3A103}
		{C941C903-74BA-4D6F-9C67-B6D865BC3562} = {4D5787CA-1BF2-4FBF-9149-422E5BD3A103}
		{73879BB2-F62F-431B-B06E-D97FE22F5BCF} = {4D5787CA-1BF2-4FBF-9149-422E5BD3A103}
		{3DB54D2C-18D3-47F7-A560-D4814A1BE93A} = {4D5787CA-1BF2-4FBF-9149-422E5BD3A103}
		{3969CE86-DFE4-4FB1-A7A0-B735BF48054C} = {4D5787CA-1BF2-4FBF-9149-422E5BD3A103}
		{F8FEE654-98D1-4B61-A8EA-B77270545CC8} = {4D5787CA-1BF2-4FBF-9149-422E5BD3A103}
		{8306DE8A-FD64-48F2-8A60-9FE5FFA6E4FB} = {4D5787CA-1BF2-4FBF-9149-422E5BD3A103}
		{2FE1A182-E26B-4E48-9E20-A34745301733} = {4D5787CA-1BF2-4FBF-9149-422E5BD3A103}
		{C2E4C558-D9A1-4B83-90B3-229194843598} = {4D5787CA-1BF2-4FBF-9149-422E5BD3A103}
		{BB6500C2-61B0-4EEA-B3CD-3BEE6784205C} = {4D5787CA-1BF2-4FBF-9149-422E5BD3A103}
		{E387D25D-7E29-464F-9172-3118A230C3A3} = {4D5787CA-1BF2-4FBF-9149-422E5BD3A103}
		{754F2C1C-77AE-4587-8737-5005AC0D40B6} = {4D5787CA-1BF2-4FBF-9149-422E5BD3A103}
		{1D55AA9E-E54D-4D4A-9C21-35DC8D904A91} = {3DB54D2C-18D3-47F7-A560-D4814A1BE93A}
		{9CBC4B72-17D7-433E-8CD8-ABF668EDAC8B} = {3DB54D2C-18D3-47F7-A560-D4814A1BE93A}
		{62569374-4E9D-4740-8984-6AF69AF8FDDD} = {3DB54D2C-18D3-47F7-A560-D4814A1BE93A}
		{5BE63DF3-5280-42B6-BF4B-F75542511700} = {3DB54D2C-18D3-47F7-A560-D4814A1BE93A}
	EndGlobalSection
EndGlobal
