
Microsoft Visual Studio Solution File, Format Version 12.00
# Visual Studio 2012
Project("{FAE04EC0-301F-11D3-BF4B-00C04F79EFBC}") = "CK.Core", "CK.Core\CK.Core.csproj", "{56511BEE-6107-4CB6-BF05-0FB9C2C88C88}"
EndProject
Project("{FAE04EC0-301F-11D3-BF4B-00C04F79EFBC}") = "CK.Interop", "CK.Interop\CK.Interop.csproj", "{74C7AADF-A2AC-4DB2-9056-5F394E9D7B48}"
EndProject
Global
	GlobalSection(SolutionConfigurationPlatforms) = preSolution
		Debug|Any CPU = Debug|Any CPU
		Release|Any CPU = Release|Any CPU
	EndGlobalSection
	GlobalSection(ProjectConfigurationPlatforms) = postSolution
		{56511BEE-6107-4CB6-BF05-0FB9C2C88C88}.Debug|Any CPU.ActiveCfg = Debug|Any CPU
		{56511BEE-6107-4CB6-BF05-0FB9C2C88C88}.Debug|Any CPU.Build.0 = Debug|Any CPU
		{56511BEE-6107-4CB6-BF05-0FB9C2C88C88}.Release|Any CPU.ActiveCfg = Release|Any CPU
		{56511BEE-6107-4CB6-BF05-0FB9C2C88C88}.Release|Any CPU.Build.0 = Release|Any CPU
		{74C7AADF-A2AC-4DB2-9056-5F394E9D7B48}.Debug|Any CPU.ActiveCfg = Debug|Any CPU
		{74C7AADF-A2AC-4DB2-9056-5F394E9D7B48}.Debug|Any CPU.Build.0 = Debug|Any CPU
		{74C7AADF-A2AC-4DB2-9056-5F394E9D7B48}.Release|Any CPU.ActiveCfg = Release|Any CPU
		{74C7AADF-A2AC-4DB2-9056-5F394E9D7B48}.Release|Any CPU.Build.0 = Release|Any CPU
	EndGlobalSection
	GlobalSection(SolutionProperties) = preSolution
		HideSolutionNode = FALSE
	EndGlobalSection
EndGlobal
